// !$*UTF8*$!
{
	archiveVersion = 1;
	classes = {
	};
	objectVersion = 56;
	objects = {

/* Begin PBXBuildFile section */
		E70EA9772C6CE58D00D25AFC /* ViewFactory+buildLoginView.swift in Sources */ = {isa = PBXBuildFile; fileRef = E70EA9762C6CE58D00D25AFC /* ViewFactory+buildLoginView.swift */; };
		E70EA97A2C6CE83E00D25AFC /* NetworkClient.swift in Sources */ = {isa = PBXBuildFile; fileRef = E70EA9792C6CE83E00D25AFC /* NetworkClient.swift */; };
		E70EA97D2C6CE86B00D25AFC /* Resource.swift in Sources */ = {isa = PBXBuildFile; fileRef = E70EA97C2C6CE86B00D25AFC /* Resource.swift */; };
		E70EA97F2C6CE91900D25AFC /* NetworkSession.swift in Sources */ = {isa = PBXBuildFile; fileRef = E70EA97E2C6CE91900D25AFC /* NetworkSession.swift */; };
		E70EA9812C6CEA6100D25AFC /* RequestBuilder.swift in Sources */ = {isa = PBXBuildFile; fileRef = E70EA9802C6CEA6100D25AFC /* RequestBuilder.swift */; };
		E70EA9862C6CEAF500D25AFC /* Keychain.swift in Sources */ = {isa = PBXBuildFile; fileRef = E70EA9852C6CEAF500D25AFC /* Keychain.swift */; };
		E70EA9892C6CEBB200D25AFC /* Valet in Frameworks */ = {isa = PBXBuildFile; productRef = E70EA9882C6CEBB200D25AFC /* Valet */; };
		E70EA98B2C6CEC8A00D25AFC /* JSONEncoder+toSnakeCase.swift in Sources */ = {isa = PBXBuildFile; fileRef = E70EA98A2C6CEC8A00D25AFC /* JSONEncoder+toSnakeCase.swift */; };
		E70EA98D2C6CECA300D25AFC /* JSONDecoder+fromSnakeCase.swift in Sources */ = {isa = PBXBuildFile; fileRef = E70EA98C2C6CECA300D25AFC /* JSONDecoder+fromSnakeCase.swift */; };
		E77CCDAF2C6CB35800CF764E /* LoginView.swift in Sources */ = {isa = PBXBuildFile; fileRef = E77CCDAE2C6CB35800CF764E /* LoginView.swift */; };
		E77CCDB12C6CB35900CF764E /* Assets.xcassets in Resources */ = {isa = PBXBuildFile; fileRef = E77CCDB02C6CB35900CF764E /* Assets.xcassets */; };
		E77CCDB42C6CB35900CF764E /* Preview Assets.xcassets in Resources */ = {isa = PBXBuildFile; fileRef = E77CCDB32C6CB35900CF764E /* Preview Assets.xcassets */; };
		E77CCDC02C6CB3D700CF764E /* AppDependencies.swift in Sources */ = {isa = PBXBuildFile; fileRef = E77CCDBF2C6CB3D700CF764E /* AppDependencies.swift */; };
		E77CCDC22C6CB3E700CF764E /* ViewFactory.swift in Sources */ = {isa = PBXBuildFile; fileRef = E77CCDC12C6CB3E700CF764E /* ViewFactory.swift */; };
		E77CCDC42C6CB46B00CF764E /* Coordinator.swift in Sources */ = {isa = PBXBuildFile; fileRef = E77CCDC32C6CB46B00CF764E /* Coordinator.swift */; };
		E77CCDC62C6CB48E00CF764E /* RootCoordinator.swift in Sources */ = {isa = PBXBuildFile; fileRef = E77CCDC52C6CB48E00CF764E /* RootCoordinator.swift */; };
		E77CCDC82C6CB4AC00CF764E /* UIViewController+addChildController.swift in Sources */ = {isa = PBXBuildFile; fileRef = E77CCDC72C6CB4AC00CF764E /* UIViewController+addChildController.swift */; };
		E77CCDCA2C6CB8E700CF764E /* AppDelegate.swift in Sources */ = {isa = PBXBuildFile; fileRef = E77CCDC92C6CB8E700CF764E /* AppDelegate.swift */; };
		E77CCDCD2C6CDB4000CF764E /* LoginViewModel.swift in Sources */ = {isa = PBXBuildFile; fileRef = E77CCDCC2C6CDB4000CF764E /* LoginViewModel.swift */; };
		E77CCDCF2C6CDCFD00CF764E /* LoginInteractor.swift in Sources */ = {isa = PBXBuildFile; fileRef = E77CCDCE2C6CDCFD00CF764E /* LoginInteractor.swift */; };
		E77CCDD12C6CDEEF00CF764E /* AsyncButton.swift in Sources */ = {isa = PBXBuildFile; fileRef = E77CCDD02C6CDEEF00CF764E /* AsyncButton.swift */; };
		E7FDA1302C6D0E4C006E67F1 /* NetworkError.swift in Sources */ = {isa = PBXBuildFile; fileRef = E7FDA12F2C6D0E4C006E67F1 /* NetworkError.swift */; };
		E7FDA1332C6D1554006E67F1 /* ObtainAuthorization.swift in Sources */ = {isa = PBXBuildFile; fileRef = E7FDA1322C6D1554006E67F1 /* ObtainAuthorization.swift */; };
		E7FDA1382C6D18A5006E67F1 /* RootView.swift in Sources */ = {isa = PBXBuildFile; fileRef = E7FDA1372C6D18A5006E67F1 /* RootView.swift */; };
		E7FDA13A2C6D1926006E67F1 /* ViewFactory+buildRootView.swift in Sources */ = {isa = PBXBuildFile; fileRef = E7FDA1392C6D1926006E67F1 /* ViewFactory+buildRootView.swift */; };
		E7FDA13C2C6D1984006E67F1 /* RootViewInteractor.swift in Sources */ = {isa = PBXBuildFile; fileRef = E7FDA13B2C6D1984006E67F1 /* RootViewInteractor.swift */; };
		E7FDA13F2C6E3EEA006E67F1 /* Authorization.swift in Sources */ = {isa = PBXBuildFile; fileRef = E7FDA13E2C6E3EEA006E67F1 /* Authorization.swift */; };
		E7FDA1412C6E3EFE006E67F1 /* Authorizer.swift in Sources */ = {isa = PBXBuildFile; fileRef = E7FDA1402C6E3EFE006E67F1 /* Authorizer.swift */; };
		E7FDA1432C6E4692006E67F1 /* LoginServing.swift in Sources */ = {isa = PBXBuildFile; fileRef = E7FDA1422C6E4692006E67F1 /* LoginServing.swift */; };
		E7FDA1462C6E7871006E67F1 /* ServersView.swift in Sources */ = {isa = PBXBuildFile; fileRef = E7FDA1452C6E7871006E67F1 /* ServersView.swift */; };
		E7FDA1482C6E7897006E67F1 /* ViewFactory+buildServersView.swift in Sources */ = {isa = PBXBuildFile; fileRef = E7FDA1472C6E7897006E67F1 /* ViewFactory+buildServersView.swift */; };
		E7FDA14C2C6E791B006E67F1 /* ServersInteractor.swift in Sources */ = {isa = PBXBuildFile; fileRef = E7FDA14B2C6E791B006E67F1 /* ServersInteractor.swift */; };
		E7FDA1522C6E7BA5006E67F1 /* LoginCoordinating.swift in Sources */ = {isa = PBXBuildFile; fileRef = E7FDA1512C6E7BA5006E67F1 /* LoginCoordinating.swift */; };
		E7FDA1542C6E7C9D006E67F1 /* ServersCoordinator.swift in Sources */ = {isa = PBXBuildFile; fileRef = E7FDA1532C6E7C9D006E67F1 /* ServersCoordinator.swift */; };
		E7FDA1562C6F48F6006E67F1 /* RootViewModel.swift in Sources */ = {isa = PBXBuildFile; fileRef = E7FDA1552C6F48F6006E67F1 /* RootViewModel.swift */; };
/* End PBXBuildFile section */

/* Begin PBXFileReference section */
		E70EA9762C6CE58D00D25AFC /* ViewFactory+buildLoginView.swift */ = {isa = PBXFileReference; lastKnownFileType = sourcecode.swift; path = "ViewFactory+buildLoginView.swift"; sourceTree = "<group>"; };
		E70EA9792C6CE83E00D25AFC /* NetworkClient.swift */ = {isa = PBXFileReference; lastKnownFileType = sourcecode.swift; path = NetworkClient.swift; sourceTree = "<group>"; };
		E70EA97C2C6CE86B00D25AFC /* Resource.swift */ = {isa = PBXFileReference; lastKnownFileType = sourcecode.swift; path = Resource.swift; sourceTree = "<group>"; };
		E70EA97E2C6CE91900D25AFC /* NetworkSession.swift */ = {isa = PBXFileReference; lastKnownFileType = sourcecode.swift; path = NetworkSession.swift; sourceTree = "<group>"; };
		E70EA9802C6CEA6100D25AFC /* RequestBuilder.swift */ = {isa = PBXFileReference; lastKnownFileType = sourcecode.swift; path = RequestBuilder.swift; sourceTree = "<group>"; };
		E70EA9852C6CEAF500D25AFC /* Keychain.swift */ = {isa = PBXFileReference; lastKnownFileType = sourcecode.swift; path = Keychain.swift; sourceTree = "<group>"; };
		E70EA98A2C6CEC8A00D25AFC /* JSONEncoder+toSnakeCase.swift */ = {isa = PBXFileReference; lastKnownFileType = sourcecode.swift; path = "JSONEncoder+toSnakeCase.swift"; sourceTree = "<group>"; };
		E70EA98C2C6CECA300D25AFC /* JSONDecoder+fromSnakeCase.swift */ = {isa = PBXFileReference; lastKnownFileType = sourcecode.swift; path = "JSONDecoder+fromSnakeCase.swift"; sourceTree = "<group>"; };
		E77CCDA92C6CB35800CF764E /* CodeSample.app */ = {isa = PBXFileReference; explicitFileType = wrapper.application; includeInIndex = 0; path = CodeSample.app; sourceTree = BUILT_PRODUCTS_DIR; };
		E77CCDAE2C6CB35800CF764E /* LoginView.swift */ = {isa = PBXFileReference; lastKnownFileType = sourcecode.swift; path = LoginView.swift; sourceTree = "<group>"; };
		E77CCDB02C6CB35900CF764E /* Assets.xcassets */ = {isa = PBXFileReference; lastKnownFileType = folder.assetcatalog; path = Assets.xcassets; sourceTree = "<group>"; };
		E77CCDB32C6CB35900CF764E /* Preview Assets.xcassets */ = {isa = PBXFileReference; lastKnownFileType = folder.assetcatalog; path = "Preview Assets.xcassets"; sourceTree = "<group>"; };
		E77CCDBA2C6CB3AE00CF764E /* Info.plist */ = {isa = PBXFileReference; lastKnownFileType = text.plist; path = Info.plist; sourceTree = "<group>"; };
		E77CCDBF2C6CB3D700CF764E /* AppDependencies.swift */ = {isa = PBXFileReference; lastKnownFileType = sourcecode.swift; path = AppDependencies.swift; sourceTree = "<group>"; };
		E77CCDC12C6CB3E700CF764E /* ViewFactory.swift */ = {isa = PBXFileReference; lastKnownFileType = sourcecode.swift; path = ViewFactory.swift; sourceTree = "<group>"; };
		E77CCDC32C6CB46B00CF764E /* Coordinator.swift */ = {isa = PBXFileReference; lastKnownFileType = sourcecode.swift; path = Coordinator.swift; sourceTree = "<group>"; };
		E77CCDC52C6CB48E00CF764E /* RootCoordinator.swift */ = {isa = PBXFileReference; lastKnownFileType = sourcecode.swift; path = RootCoordinator.swift; sourceTree = "<group>"; };
		E77CCDC72C6CB4AC00CF764E /* UIViewController+addChildController.swift */ = {isa = PBXFileReference; lastKnownFileType = sourcecode.swift; path = "UIViewController+addChildController.swift"; sourceTree = "<group>"; };
		E77CCDC92C6CB8E700CF764E /* AppDelegate.swift */ = {isa = PBXFileReference; lastKnownFileType = sourcecode.swift; path = AppDelegate.swift; sourceTree = "<group>"; };
		E77CCDCC2C6CDB4000CF764E /* LoginViewModel.swift */ = {isa = PBXFileReference; lastKnownFileType = sourcecode.swift; path = LoginViewModel.swift; sourceTree = "<group>"; };
		E77CCDCE2C6CDCFD00CF764E /* LoginInteractor.swift */ = {isa = PBXFileReference; lastKnownFileType = sourcecode.swift; path = LoginInteractor.swift; sourceTree = "<group>"; };
		E77CCDD02C6CDEEF00CF764E /* AsyncButton.swift */ = {isa = PBXFileReference; lastKnownFileType = sourcecode.swift; path = AsyncButton.swift; sourceTree = "<group>"; };
		E7FDA12F2C6D0E4C006E67F1 /* NetworkError.swift */ = {isa = PBXFileReference; lastKnownFileType = sourcecode.swift; path = NetworkError.swift; sourceTree = "<group>"; };
		E7FDA1322C6D1554006E67F1 /* ObtainAuthorization.swift */ = {isa = PBXFileReference; lastKnownFileType = sourcecode.swift; path = ObtainAuthorization.swift; sourceTree = "<group>"; };
		E7FDA1372C6D18A5006E67F1 /* RootView.swift */ = {isa = PBXFileReference; lastKnownFileType = sourcecode.swift; path = RootView.swift; sourceTree = "<group>"; };
		E7FDA1392C6D1926006E67F1 /* ViewFactory+buildRootView.swift */ = {isa = PBXFileReference; lastKnownFileType = sourcecode.swift; path = "ViewFactory+buildRootView.swift"; sourceTree = "<group>"; };
		E7FDA13B2C6D1984006E67F1 /* RootViewInteractor.swift */ = {isa = PBXFileReference; lastKnownFileType = sourcecode.swift; path = RootViewInteractor.swift; sourceTree = "<group>"; };
		E7FDA13E2C6E3EEA006E67F1 /* Authorization.swift */ = {isa = PBXFileReference; lastKnownFileType = sourcecode.swift; path = Authorization.swift; sourceTree = "<group>"; };
		E7FDA1402C6E3EFE006E67F1 /* Authorizer.swift */ = {isa = PBXFileReference; lastKnownFileType = sourcecode.swift; path = Authorizer.swift; sourceTree = "<group>"; };
		E7FDA1422C6E4692006E67F1 /* LoginServing.swift */ = {isa = PBXFileReference; lastKnownFileType = sourcecode.swift; path = LoginServing.swift; sourceTree = "<group>"; };
		E7FDA1452C6E7871006E67F1 /* ServersView.swift */ = {isa = PBXFileReference; lastKnownFileType = sourcecode.swift; path = ServersView.swift; sourceTree = "<group>"; };
		E7FDA1472C6E7897006E67F1 /* ViewFactory+buildServersView.swift */ = {isa = PBXFileReference; lastKnownFileType = sourcecode.swift; path = "ViewFactory+buildServersView.swift"; sourceTree = "<group>"; };
		E7FDA14B2C6E791B006E67F1 /* ServersInteractor.swift */ = {isa = PBXFileReference; lastKnownFileType = sourcecode.swift; path = ServersInteractor.swift; sourceTree = "<group>"; };
		E7FDA1512C6E7BA5006E67F1 /* LoginCoordinating.swift */ = {isa = PBXFileReference; lastKnownFileType = sourcecode.swift; path = LoginCoordinating.swift; sourceTree = "<group>"; };
		E7FDA1532C6E7C9D006E67F1 /* ServersCoordinator.swift */ = {isa = PBXFileReference; lastKnownFileType = sourcecode.swift; path = ServersCoordinator.swift; sourceTree = "<group>"; };
		E7FDA1552C6F48F6006E67F1 /* RootViewModel.swift */ = {isa = PBXFileReference; lastKnownFileType = sourcecode.swift; path = RootViewModel.swift; sourceTree = "<group>"; };
/* End PBXFileReference section */

/* Begin PBXFrameworksBuildPhase section */
		E77CCDA62C6CB35800CF764E /* Frameworks */ = {
			isa = PBXFrameworksBuildPhase;
			buildActionMask = 2147483647;
			files = (
				E70EA9892C6CEBB200D25AFC /* Valet in Frameworks */,
			);
			runOnlyForDeploymentPostprocessing = 0;
		};
/* End PBXFrameworksBuildPhase section */

/* Begin PBXGroup section */
		E70EA9782C6CE83600D25AFC /* Networking */ = {
			isa = PBXGroup;
			children = (
				E70EA97B2C6CE86300D25AFC /* Resources */,
				E70EA9792C6CE83E00D25AFC /* NetworkClient.swift */,
				E70EA97E2C6CE91900D25AFC /* NetworkSession.swift */,
				E70EA9802C6CEA6100D25AFC /* RequestBuilder.swift */,
				E7FDA12F2C6D0E4C006E67F1 /* NetworkError.swift */,
			);
			path = Networking;
			sourceTree = "<group>";
		};
		E70EA97B2C6CE86300D25AFC /* Resources */ = {
			isa = PBXGroup;
			children = (
				E70EA97C2C6CE86B00D25AFC /* Resource.swift */,
				E7FDA1322C6D1554006E67F1 /* ObtainAuthorization.swift */,
			);
			path = Resources;
			sourceTree = "<group>";
		};
		E70EA9842C6CEAEE00D25AFC /* Storing */ = {
			isa = PBXGroup;
			children = (
				E70EA9852C6CEAF500D25AFC /* Keychain.swift */,
			);
			path = Storing;
			sourceTree = "<group>";
		};
		E77CCDA02C6CB35800CF764E = {
			isa = PBXGroup;
			children = (
				E77CCDAB2C6CB35800CF764E /* CodeSample */,
				E77CCDAA2C6CB35800CF764E /* Products */,
			);
			sourceTree = "<group>";
		};
		E77CCDAA2C6CB35800CF764E /* Products */ = {
			isa = PBXGroup;
			children = (
				E77CCDA92C6CB35800CF764E /* CodeSample.app */,
			);
			name = Products;
			sourceTree = "<group>";
		};
		E77CCDAB2C6CB35800CF764E /* CodeSample */ = {
			isa = PBXGroup;
			children = (
				E7FDA13D2C6E3ED8006E67F1 /* Authorizing */,
				E70EA9842C6CEAEE00D25AFC /* Storing */,
				E70EA9782C6CE83600D25AFC /* Networking */,
				E77CCDBE2C6CB3C300CF764E /* Coordinators */,
				E77CCDBD2C6CB3BC00CF764E /* Dependencies */,
				E77CCDBC2C6CB3B700CF764E /* Extensions */,
				E77CCDBB2C6CB3B400CF764E /* Scenes */,
				E77CCDBA2C6CB3AE00CF764E /* Info.plist */,
				E77CCDB02C6CB35900CF764E /* Assets.xcassets */,
				E77CCDB22C6CB35900CF764E /* Preview Content */,
				E77CCDC92C6CB8E700CF764E /* AppDelegate.swift */,
			);
			path = CodeSample;
			sourceTree = "<group>";
		};
		E77CCDB22C6CB35900CF764E /* Preview Content */ = {
			isa = PBXGroup;
			children = (
				E77CCDB32C6CB35900CF764E /* Preview Assets.xcassets */,
			);
			path = "Preview Content";
			sourceTree = "<group>";
		};
		E77CCDBB2C6CB3B400CF764E /* Scenes */ = {
			isa = PBXGroup;
			children = (
				E7FDA1442C6E783D006E67F1 /* Servers */,
				E7FDA1362C6D189D006E67F1 /* Root */,
				E77CCDCB2C6CDB3700CF764E /* Login */,
			);
			path = Scenes;
			sourceTree = "<group>";
		};
		E77CCDBC2C6CB3B700CF764E /* Extensions */ = {
			isa = PBXGroup;
			children = (
				E77CCDC72C6CB4AC00CF764E /* UIViewController+addChildController.swift */,
				E70EA98A2C6CEC8A00D25AFC /* JSONEncoder+toSnakeCase.swift */,
				E70EA98C2C6CECA300D25AFC /* JSONDecoder+fromSnakeCase.swift */,
			);
			path = Extensions;
			sourceTree = "<group>";
		};
		E77CCDBD2C6CB3BC00CF764E /* Dependencies */ = {
			isa = PBXGroup;
			children = (
				E77CCDBF2C6CB3D700CF764E /* AppDependencies.swift */,
				E77CCDC12C6CB3E700CF764E /* ViewFactory.swift */,
				E7FDA1422C6E4692006E67F1 /* LoginServing.swift */,
			);
			path = Dependencies;
			sourceTree = "<group>";
		};
		E77CCDBE2C6CB3C300CF764E /* Coordinators */ = {
			isa = PBXGroup;
			children = (
				E77CCDC32C6CB46B00CF764E /* Coordinator.swift */,
				E77CCDC52C6CB48E00CF764E /* RootCoordinator.swift */,
				E7FDA1532C6E7C9D006E67F1 /* ServersCoordinator.swift */,
			);
			path = Coordinators;
			sourceTree = "<group>";
		};
		E77CCDCB2C6CDB3700CF764E /* Login */ = {
			isa = PBXGroup;
			children = (
				E77CCDAE2C6CB35800CF764E /* LoginView.swift */,
				E77CCDCC2C6CDB4000CF764E /* LoginViewModel.swift */,
				E77CCDCE2C6CDCFD00CF764E /* LoginInteractor.swift */,
				E77CCDD02C6CDEEF00CF764E /* AsyncButton.swift */,
				E70EA9762C6CE58D00D25AFC /* ViewFactory+buildLoginView.swift */,
				E7FDA1512C6E7BA5006E67F1 /* LoginCoordinating.swift */,
			);
			path = Login;
			sourceTree = "<group>";
		};
		E7FDA1362C6D189D006E67F1 /* Root */ = {
			isa = PBXGroup;
			children = (
				E7FDA1372C6D18A5006E67F1 /* RootView.swift */,
				E7FDA1392C6D1926006E67F1 /* ViewFactory+buildRootView.swift */,
				E7FDA13B2C6D1984006E67F1 /* RootViewInteractor.swift */,
				E7FDA1552C6F48F6006E67F1 /* RootViewModel.swift */,
			);
			path = Root;
			sourceTree = "<group>";
		};
		E7FDA13D2C6E3ED8006E67F1 /* Authorizing */ = {
			isa = PBXGroup;
			children = (
				E7FDA13E2C6E3EEA006E67F1 /* Authorization.swift */,
				E7FDA1402C6E3EFE006E67F1 /* Authorizer.swift */,
			);
			path = Authorizing;
			sourceTree = "<group>";
		};
		E7FDA1442C6E783D006E67F1 /* Servers */ = {
			isa = PBXGroup;
			children = (
				E7FDA1452C6E7871006E67F1 /* ServersView.swift */,
				E7FDA1472C6E7897006E67F1 /* ViewFactory+buildServersView.swift */,
				E7FDA14B2C6E791B006E67F1 /* ServersInteractor.swift */,
			);
			path = Servers;
			sourceTree = "<group>";
		};
/* End PBXGroup section */

/* Begin PBXNativeTarget section */
		E77CCDA82C6CB35800CF764E /* CodeSample */ = {
			isa = PBXNativeTarget;
			buildConfigurationList = E77CCDB72C6CB35900CF764E /* Build configuration list for PBXNativeTarget "CodeSample" */;
			buildPhases = (
				E77CCDA52C6CB35800CF764E /* Sources */,
				E77CCDA62C6CB35800CF764E /* Frameworks */,
				E77CCDA72C6CB35800CF764E /* Resources */,
			);
			buildRules = (
			);
			dependencies = (
			);
			name = CodeSample;
			packageProductDependencies = (
				E70EA9882C6CEBB200D25AFC /* Valet */,
			);
			productName = CodeSample;
			productReference = E77CCDA92C6CB35800CF764E /* CodeSample.app */;
			productType = "com.apple.product-type.application";
		};
/* End PBXNativeTarget section */

/* Begin PBXProject section */
		E77CCDA12C6CB35800CF764E /* Project object */ = {
			isa = PBXProject;
			attributes = {
				BuildIndependentTargetsInParallel = 1;
				LastSwiftUpdateCheck = 1510;
				LastUpgradeCheck = 1510;
				TargetAttributes = {
					E77CCDA82C6CB35800CF764E = {
						CreatedOnToolsVersion = 15.1;
					};
				};
			};
			buildConfigurationList = E77CCDA42C6CB35800CF764E /* Build configuration list for PBXProject "CodeSample" */;
			compatibilityVersion = "Xcode 14.0";
			developmentRegion = en;
			hasScannedForEncodings = 0;
			knownRegions = (
				en,
				Base,
			);
			mainGroup = E77CCDA02C6CB35800CF764E;
			packageReferences = (
				E70EA9872C6CEBB200D25AFC /* XCRemoteSwiftPackageReference "Valet" */,
			);
			productRefGroup = E77CCDAA2C6CB35800CF764E /* Products */;
			projectDirPath = "";
			projectRoot = "";
			targets = (
				E77CCDA82C6CB35800CF764E /* CodeSample */,
			);
		};
/* End PBXProject section */

/* Begin PBXResourcesBuildPhase section */
		E77CCDA72C6CB35800CF764E /* Resources */ = {
			isa = PBXResourcesBuildPhase;
			buildActionMask = 2147483647;
			files = (
				E77CCDB42C6CB35900CF764E /* Preview Assets.xcassets in Resources */,
				E77CCDB12C6CB35900CF764E /* Assets.xcassets in Resources */,
			);
			runOnlyForDeploymentPostprocessing = 0;
		};
/* End PBXResourcesBuildPhase section */

/* Begin PBXSourcesBuildPhase section */
		E77CCDA52C6CB35800CF764E /* Sources */ = {
			isa = PBXSourcesBuildPhase;
			buildActionMask = 2147483647;
			files = (
				E70EA9862C6CEAF500D25AFC /* Keychain.swift in Sources */,
				E7FDA1542C6E7C9D006E67F1 /* ServersCoordinator.swift in Sources */,
				E7FDA1382C6D18A5006E67F1 /* RootView.swift in Sources */,
				E70EA9812C6CEA6100D25AFC /* RequestBuilder.swift in Sources */,
				E7FDA1522C6E7BA5006E67F1 /* LoginCoordinating.swift in Sources */,
				E70EA97D2C6CE86B00D25AFC /* Resource.swift in Sources */,
				E70EA9772C6CE58D00D25AFC /* ViewFactory+buildLoginView.swift in Sources */,
				E77CCDCA2C6CB8E700CF764E /* AppDelegate.swift in Sources */,
				E77CCDC02C6CB3D700CF764E /* AppDependencies.swift in Sources */,
				E77CCDAF2C6CB35800CF764E /* LoginView.swift in Sources */,
				E7FDA1482C6E7897006E67F1 /* ViewFactory+buildServersView.swift in Sources */,
				E70EA98D2C6CECA300D25AFC /* JSONDecoder+fromSnakeCase.swift in Sources */,
				E7FDA1302C6D0E4C006E67F1 /* NetworkError.swift in Sources */,
				E7FDA1432C6E4692006E67F1 /* LoginServing.swift in Sources */,
				E77CCDC42C6CB46B00CF764E /* Coordinator.swift in Sources */,
				E77CCDCD2C6CDB4000CF764E /* LoginViewModel.swift in Sources */,
				E70EA97F2C6CE91900D25AFC /* NetworkSession.swift in Sources */,
				E7FDA13A2C6D1926006E67F1 /* ViewFactory+buildRootView.swift in Sources */,
				E77CCDC62C6CB48E00CF764E /* RootCoordinator.swift in Sources */,
				E7FDA13F2C6E3EEA006E67F1 /* Authorization.swift in Sources */,
				E77CCDD12C6CDEEF00CF764E /* AsyncButton.swift in Sources */,
				E77CCDC22C6CB3E700CF764E /* ViewFactory.swift in Sources */,
				E70EA98B2C6CEC8A00D25AFC /* JSONEncoder+toSnakeCase.swift in Sources */,
				E77CCDC82C6CB4AC00CF764E /* UIViewController+addChildController.swift in Sources */,
				E7FDA14C2C6E791B006E67F1 /* ServersInteractor.swift in Sources */,
				E7FDA1412C6E3EFE006E67F1 /* Authorizer.swift in Sources */,
				E7FDA13C2C6D1984006E67F1 /* RootViewInteractor.swift in Sources */,
				E77CCDCF2C6CDCFD00CF764E /* LoginInteractor.swift in Sources */,
				E7FDA1332C6D1554006E67F1 /* ObtainAuthorization.swift in Sources */,
				E70EA97A2C6CE83E00D25AFC /* NetworkClient.swift in Sources */,
				E7FDA1562C6F48F6006E67F1 /* RootViewModel.swift in Sources */,
				E7FDA1462C6E7871006E67F1 /* ServersView.swift in Sources */,
			);
			runOnlyForDeploymentPostprocessing = 0;
		};
/* End PBXSourcesBuildPhase section */

/* Begin XCBuildConfiguration section */
		E77CCDB52C6CB35900CF764E /* Debug */ = {
			isa = XCBuildConfiguration;
			buildSettings = {
				ALWAYS_SEARCH_USER_PATHS = NO;
				ASSETCATALOG_COMPILER_GENERATE_SWIFT_ASSET_SYMBOL_EXTENSIONS = YES;
				CLANG_ANALYZER_NONNULL = YES;
				CLANG_ANALYZER_NUMBER_OBJECT_CONVERSION = YES_AGGRESSIVE;
				CLANG_CXX_LANGUAGE_STANDARD = "gnu++20";
				CLANG_ENABLE_MODULES = YES;
				CLANG_ENABLE_OBJC_ARC = YES;
				CLANG_ENABLE_OBJC_WEAK = YES;
				CLANG_WARN_BLOCK_CAPTURE_AUTORELEASING = YES;
				CLANG_WARN_BOOL_CONVERSION = YES;
				CLANG_WARN_COMMA = YES;
				CLANG_WARN_CONSTANT_CONVERSION = YES;
				CLANG_WARN_DEPRECATED_OBJC_IMPLEMENTATIONS = YES;
				CLANG_WARN_DIRECT_OBJC_ISA_USAGE = YES_ERROR;
				CLANG_WARN_DOCUMENTATION_COMMENTS = YES;
				CLANG_WARN_EMPTY_BODY = YES;
				CLANG_WARN_ENUM_CONVERSION = YES;
				CLANG_WARN_INFINITE_RECURSION = YES;
				CLANG_WARN_INT_CONVERSION = YES;
				CLANG_WARN_NON_LITERAL_NULL_CONVERSION = YES;
				CLANG_WARN_OBJC_IMPLICIT_RETAIN_SELF = YES;
				CLANG_WARN_OBJC_LITERAL_CONVERSION = YES;
				CLANG_WARN_OBJC_ROOT_CLASS = YES_ERROR;
				CLANG_WARN_QUOTED_INCLUDE_IN_FRAMEWORK_HEADER = YES;
				CLANG_WARN_RANGE_LOOP_ANALYSIS = YES;
				CLANG_WARN_STRICT_PROTOTYPES = YES;
				CLANG_WARN_SUSPICIOUS_MOVE = YES;
				CLANG_WARN_UNGUARDED_AVAILABILITY = YES_AGGRESSIVE;
				CLANG_WARN_UNREACHABLE_CODE = YES;
				CLANG_WARN__DUPLICATE_METHOD_MATCH = YES;
				COPY_PHASE_STRIP = NO;
				DEBUG_INFORMATION_FORMAT = dwarf;
				ENABLE_STRICT_OBJC_MSGSEND = YES;
				ENABLE_TESTABILITY = YES;
				ENABLE_USER_SCRIPT_SANDBOXING = YES;
				GCC_C_LANGUAGE_STANDARD = gnu17;
				GCC_DYNAMIC_NO_PIC = NO;
				GCC_NO_COMMON_BLOCKS = YES;
				GCC_OPTIMIZATION_LEVEL = 0;
				GCC_PREPROCESSOR_DEFINITIONS = (
					"DEBUG=1",
					"$(inherited)",
				);
				GCC_WARN_64_TO_32_BIT_CONVERSION = YES;
				GCC_WARN_ABOUT_RETURN_TYPE = YES_ERROR;
				GCC_WARN_UNDECLARED_SELECTOR = YES;
				GCC_WARN_UNINITIALIZED_AUTOS = YES_AGGRESSIVE;
				GCC_WARN_UNUSED_FUNCTION = YES;
				GCC_WARN_UNUSED_VARIABLE = YES;
				IPHONEOS_DEPLOYMENT_TARGET = 17.2;
				LOCALIZATION_PREFERS_STRING_CATALOGS = YES;
				MTL_ENABLE_DEBUG_INFO = INCLUDE_SOURCE;
				MTL_FAST_MATH = YES;
				ONLY_ACTIVE_ARCH = YES;
				SDKROOT = iphoneos;
				SWIFT_ACTIVE_COMPILATION_CONDITIONS = "DEBUG $(inherited)";
				SWIFT_OPTIMIZATION_LEVEL = "-Onone";
			};
			name = Debug;
		};
		E77CCDB62C6CB35900CF764E /* Release */ = {
			isa = XCBuildConfiguration;
			buildSettings = {
				ALWAYS_SEARCH_USER_PATHS = NO;
				ASSETCATALOG_COMPILER_GENERATE_SWIFT_ASSET_SYMBOL_EXTENSIONS = YES;
				CLANG_ANALYZER_NONNULL = YES;
				CLANG_ANALYZER_NUMBER_OBJECT_CONVERSION = YES_AGGRESSIVE;
				CLANG_CXX_LANGUAGE_STANDARD = "gnu++20";
				CLANG_ENABLE_MODULES = YES;
				CLANG_ENABLE_OBJC_ARC = YES;
				CLANG_ENABLE_OBJC_WEAK = YES;
				CLANG_WARN_BLOCK_CAPTURE_AUTORELEASING = YES;
				CLANG_WARN_BOOL_CONVERSION = YES;
				CLANG_WARN_COMMA = YES;
				CLANG_WARN_CONSTANT_CONVERSION = YES;
				CLANG_WARN_DEPRECATED_OBJC_IMPLEMENTATIONS = YES;
				CLANG_WARN_DIRECT_OBJC_ISA_USAGE = YES_ERROR;
				CLANG_WARN_DOCUMENTATION_COMMENTS = YES;
				CLANG_WARN_EMPTY_BODY = YES;
				CLANG_WARN_ENUM_CONVERSION = YES;
				CLANG_WARN_INFINITE_RECURSION = YES;
				CLANG_WARN_INT_CONVERSION = YES;
				CLANG_WARN_NON_LITERAL_NULL_CONVERSION = YES;
				CLANG_WARN_OBJC_IMPLICIT_RETAIN_SELF = YES;
				CLANG_WARN_OBJC_LITERAL_CONVERSION = YES;
				CLANG_WARN_OBJC_ROOT_CLASS = YES_ERROR;
				CLANG_WARN_QUOTED_INCLUDE_IN_FRAMEWORK_HEADER = YES;
				CLANG_WARN_RANGE_LOOP_ANALYSIS = YES;
				CLANG_WARN_STRICT_PROTOTYPES = YES;
				CLANG_WARN_SUSPICIOUS_MOVE = YES;
				CLANG_WARN_UNGUARDED_AVAILABILITY = YES_AGGRESSIVE;
				CLANG_WARN_UNREACHABLE_CODE = YES;
				CLANG_WARN__DUPLICATE_METHOD_MATCH = YES;
				COPY_PHASE_STRIP = NO;
				DEBUG_INFORMATION_FORMAT = "dwarf-with-dsym";
				ENABLE_NS_ASSERTIONS = NO;
				ENABLE_STRICT_OBJC_MSGSEND = YES;
				ENABLE_USER_SCRIPT_SANDBOXING = YES;
				GCC_C_LANGUAGE_STANDARD = gnu17;
				GCC_NO_COMMON_BLOCKS = YES;
				GCC_WARN_64_TO_32_BIT_CONVERSION = YES;
				GCC_WARN_ABOUT_RETURN_TYPE = YES_ERROR;
				GCC_WARN_UNDECLARED_SELECTOR = YES;
				GCC_WARN_UNINITIALIZED_AUTOS = YES_AGGRESSIVE;
				GCC_WARN_UNUSED_FUNCTION = YES;
				GCC_WARN_UNUSED_VARIABLE = YES;
				IPHONEOS_DEPLOYMENT_TARGET = 17.2;
				LOCALIZATION_PREFERS_STRING_CATALOGS = YES;
				MTL_ENABLE_DEBUG_INFO = NO;
				MTL_FAST_MATH = YES;
				SDKROOT = iphoneos;
				SWIFT_COMPILATION_MODE = wholemodule;
				VALIDATE_PRODUCT = YES;
			};
			name = Release;
		};
		E77CCDB82C6CB35900CF764E /* Debug */ = {
			isa = XCBuildConfiguration;
			buildSettings = {
				ASSETCATALOG_COMPILER_APPICON_NAME = AppIcon;
				ASSETCATALOG_COMPILER_GLOBAL_ACCENT_COLOR_NAME = AccentColor;
				CODE_SIGN_STYLE = Automatic;
				CURRENT_PROJECT_VERSION = 1;
				DEVELOPMENT_ASSET_PATHS = "\"CodeSample/Preview Content\"";
				DEVELOPMENT_TEAM = ZVP65B2B4J;
				ENABLE_PREVIEWS = YES;
				GENERATE_INFOPLIST_FILE = YES;
				INFOPLIST_FILE = CodeSample/Info.plist;
				INFOPLIST_KEY_UIApplicationSupportsIndirectInputEvents = YES;
				INFOPLIST_KEY_UILaunchScreen_Generation = YES;
				INFOPLIST_KEY_UISupportedInterfaceOrientations_iPad = "UIInterfaceOrientationPortrait UIInterfaceOrientationPortraitUpsideDown UIInterfaceOrientationLandscapeLeft UIInterfaceOrientationLandscapeRight";
				INFOPLIST_KEY_UISupportedInterfaceOrientations_iPhone = "UIInterfaceOrientationPortrait UIInterfaceOrientationLandscapeLeft UIInterfaceOrientationLandscapeRight";
				LD_RUNPATH_SEARCH_PATHS = (
					"$(inherited)",
					"@executable_path/Frameworks",
				);
				MARKETING_VERSION = 1.0;
				PRODUCT_BUNDLE_IDENTIFIER = kacperjagiello.CodeSample;
				PRODUCT_NAME = "$(TARGET_NAME)";
				SWIFT_EMIT_LOC_STRINGS = YES;
				SWIFT_VERSION = 5.0;
				TARGETED_DEVICE_FAMILY = "1,2";
			};
			name = Debug;
		};
		E77CCDB92C6CB35900CF764E /* Release */ = {
			isa = XCBuildConfiguration;
			buildSettings = {
				ASSETCATALOG_COMPILER_APPICON_NAME = AppIcon;
				ASSETCATALOG_COMPILER_GLOBAL_ACCENT_COLOR_NAME = AccentColor;
				CODE_SIGN_STYLE = Automatic;
				CURRENT_PROJECT_VERSION = 1;
				DEVELOPMENT_ASSET_PATHS = "\"CodeSample/Preview Content\"";
				DEVELOPMENT_TEAM = ZVP65B2B4J;
				ENABLE_PREVIEWS = YES;
				GENERATE_INFOPLIST_FILE = YES;
				INFOPLIST_FILE = CodeSample/Info.plist;
				INFOPLIST_KEY_UIApplicationSupportsIndirectInputEvents = YES;
				INFOPLIST_KEY_UILaunchScreen_Generation = YES;
				INFOPLIST_KEY_UISupportedInterfaceOrientations_iPad = "UIInterfaceOrientationPortrait UIInterfaceOrientationPortraitUpsideDown UIInterfaceOrientationLandscapeLeft UIInterfaceOrientationLandscapeRight";
				INFOPLIST_KEY_UISupportedInterfaceOrientations_iPhone = "UIInterfaceOrientationPortrait UIInterfaceOrientationLandscapeLeft UIInterfaceOrientationLandscapeRight";
				LD_RUNPATH_SEARCH_PATHS = (
					"$(inherited)",
					"@executable_path/Frameworks",
				);
				MARKETING_VERSION = 1.0;
				PRODUCT_BUNDLE_IDENTIFIER = kacperjagiello.CodeSample;
				PRODUCT_NAME = "$(TARGET_NAME)";
				SWIFT_EMIT_LOC_STRINGS = YES;
				SWIFT_VERSION = 5.0;
				TARGETED_DEVICE_FAMILY = "1,2";
			};
			name = Release;
		};
/* End XCBuildConfiguration section */

/* Begin XCConfigurationList section */
		E77CCDA42C6CB35800CF764E /* Build configuration list for PBXProject "CodeSample" */ = {
			isa = XCConfigurationList;
			buildConfigurations = (
				E77CCDB52C6CB35900CF764E /* Debug */,
				E77CCDB62C6CB35900CF764E /* Release */,
			);
			defaultConfigurationIsVisible = 0;
			defaultConfigurationName = Release;
		};
		E77CCDB72C6CB35900CF764E /* Build configuration list for PBXNativeTarget "CodeSample" */ = {
			isa = XCConfigurationList;
			buildConfigurations = (
				E77CCDB82C6CB35900CF764E /* Debug */,
				E77CCDB92C6CB35900CF764E /* Release */,
			);
			defaultConfigurationIsVisible = 0;
			defaultConfigurationName = Release;
		};
/* End XCConfigurationList section */

/* Begin XCRemoteSwiftPackageReference section */
		E70EA9872C6CEBB200D25AFC /* XCRemoteSwiftPackageReference "Valet" */ = {
			isa = XCRemoteSwiftPackageReference;
			repositoryURL = "https://github.com/square/Valet.git";
			requirement = {
				kind = upToNextMajorVersion;
				minimumVersion = 4.3.0;
			};
		};
/* End XCRemoteSwiftPackageReference section */

/* Begin XCSwiftPackageProductDependency section */
		E70EA9882C6CEBB200D25AFC /* Valet */ = {
			isa = XCSwiftPackageProductDependency;
			package = E70EA9872C6CEBB200D25AFC /* XCRemoteSwiftPackageReference "Valet" */;
			productName = Valet;
		};
/* End XCSwiftPackageProductDependency section */
	};
	rootObject = E77CCDA12C6CB35800CF764E /* Project object */;
}
