// !$*UTF8*$!
{
	archiveVersion = 1;
	classes = {
	};
	objectVersion = 56;
	objects = {

/* Begin PBXBuildFile section */
		E701697A2C6F6B5300C28B7A /* ApiServer.swift in Sources */ = {isa = PBXBuildFile; fileRef = E70169792C6F6B5300C28B7A /* ApiServer.swift */; };
		E701697C2C6F6B6700C28B7A /* RemoteServersListServing.swift in Sources */ = {isa = PBXBuildFile; fileRef = E701697B2C6F6B6700C28B7A /* RemoteServersListServing.swift */; };
		E701697E2C6F6B7600C28B7A /* FetchServersList.swift in Sources */ = {isa = PBXBuildFile; fileRef = E701697D2C6F6B7600C28B7A /* FetchServersList.swift */; };
		E70169802C6F6D3200C28B7A /* ServersViewModel.swift in Sources */ = {isa = PBXBuildFile; fileRef = E701697F2C6F6D3200C28B7A /* ServersViewModel.swift */; };
		E70169822C6F85D000C28B7A /* AuthorizationProviding.swift in Sources */ = {isa = PBXBuildFile; fileRef = E70169812C6F85D000C28B7A /* AuthorizationProviding.swift */; };
		E70169842C6F86EB00C28B7A /* RequestBuilderError.swift in Sources */ = {isa = PBXBuildFile; fileRef = E70169832C6F86EB00C28B7A /* RequestBuilderError.swift */; };
		E70EA9772C6CE58D00D25AFC /* ViewFactory+buildLoginView.swift in Sources */ = {isa = PBXBuildFile; fileRef = E70EA9762C6CE58D00D25AFC /* ViewFactory+buildLoginView.swift */; };
		E70EA97A2C6CE83E00D25AFC /* NetworkClient.swift in Sources */ = {isa = PBXBuildFile; fileRef = E70EA9792C6CE83E00D25AFC /* NetworkClient.swift */; };
		E70EA97D2C6CE86B00D25AFC /* Resource.swift in Sources */ = {isa = PBXBuildFile; fileRef = E70EA97C2C6CE86B00D25AFC /* Resource.swift */; };
		E70EA97F2C6CE91900D25AFC /* NetworkSession.swift in Sources */ = {isa = PBXBuildFile; fileRef = E70EA97E2C6CE91900D25AFC /* NetworkSession.swift */; };
		E70EA9812C6CEA6100D25AFC /* RequestBuilder.swift in Sources */ = {isa = PBXBuildFile; fileRef = E70EA9802C6CEA6100D25AFC /* RequestBuilder.swift */; };
		E70EA9862C6CEAF500D25AFC /* Keychain.swift in Sources */ = {isa = PBXBuildFile; fileRef = E70EA9852C6CEAF500D25AFC /* Keychain.swift */; };
		E70EA98B2C6CEC8A00D25AFC /* JSONEncoder+toSnakeCase.swift in Sources */ = {isa = PBXBuildFile; fileRef = E70EA98A2C6CEC8A00D25AFC /* JSONEncoder+toSnakeCase.swift */; };
		E70EA98D2C6CECA300D25AFC /* JSONDecoder+fromSnakeCase.swift in Sources */ = {isa = PBXBuildFile; fileRef = E70EA98C2C6CECA300D25AFC /* JSONDecoder+fromSnakeCase.swift */; };
		E77CCDAF2C6CB35800CF764E /* LoginView.swift in Sources */ = {isa = PBXBuildFile; fileRef = E77CCDAE2C6CB35800CF764E /* LoginView.swift */; };
		E77CCDB12C6CB35900CF764E /* Assets.xcassets in Resources */ = {isa = PBXBuildFile; fileRef = E77CCDB02C6CB35900CF764E /* Assets.xcassets */; };
		E77CCDB42C6CB35900CF764E /* Preview Assets.xcassets in Resources */ = {isa = PBXBuildFile; fileRef = E77CCDB32C6CB35900CF764E /* Preview Assets.xcassets */; };
		E77CCDC02C6CB3D700CF764E /* AppDependencies.swift in Sources */ = {isa = PBXBuildFile; fileRef = E77CCDBF2C6CB3D700CF764E /* AppDependencies.swift */; };
		E77CCDC22C6CB3E700CF764E /* ViewFactory.swift in Sources */ = {isa = PBXBuildFile; fileRef = E77CCDC12C6CB3E700CF764E /* ViewFactory.swift */; };
		E77CCDC42C6CB46B00CF764E /* Coordinator.swift in Sources */ = {isa = PBXBuildFile; fileRef = E77CCDC32C6CB46B00CF764E /* Coordinator.swift */; };
		E77CCDC62C6CB48E00CF764E /* RootCoordinator.swift in Sources */ = {isa = PBXBuildFile; fileRef = E77CCDC52C6CB48E00CF764E /* RootCoordinator.swift */; };
		E77CCDC82C6CB4AC00CF764E /* UIViewController+addChildController.swift in Sources */ = {isa = PBXBuildFile; fileRef = E77CCDC72C6CB4AC00CF764E /* UIViewController+addChildController.swift */; };
		E77CCDCA2C6CB8E700CF764E /* AppDelegate.swift in Sources */ = {isa = PBXBuildFile; fileRef = E77CCDC92C6CB8E700CF764E /* AppDelegate.swift */; };
		E77CCDCD2C6CDB4000CF764E /* LoginViewModel.swift in Sources */ = {isa = PBXBuildFile; fileRef = E77CCDCC2C6CDB4000CF764E /* LoginViewModel.swift */; };
		E77CCDCF2C6CDCFD00CF764E /* LoginInteractor.swift in Sources */ = {isa = PBXBuildFile; fileRef = E77CCDCE2C6CDCFD00CF764E /* LoginInteractor.swift */; };
		E77CCDD12C6CDEEF00CF764E /* AsyncButton.swift in Sources */ = {isa = PBXBuildFile; fileRef = E77CCDD02C6CDEEF00CF764E /* AsyncButton.swift */; };
		E79FA8A62C6F8E2400596DB1 /* Valet in Frameworks */ = {isa = PBXBuildFile; productRef = E79FA8A52C6F8E2400596DB1 /* Valet */; };
		E79FA8C32C6F8F1400596DB1 /* Quick in Frameworks */ = {isa = PBXBuildFile; productRef = E79FA8C22C6F8F1400596DB1 /* Quick */; };
		E79FA8CA2C6F8F2C00596DB1 /* Nimble in Frameworks */ = {isa = PBXBuildFile; productRef = E79FA8C92C6F8F2C00596DB1 /* Nimble */; };
		E79FA8CE2C6F90A200596DB1 /* NetworkClient_tests.swift in Sources */ = {isa = PBXBuildFile; fileRef = E79FA8CD2C6F90A200596DB1 /* NetworkClient_tests.swift */; };
		E79FA8D02C724C2700596DB1 /* RequestBuilder_tests.swift in Sources */ = {isa = PBXBuildFile; fileRef = E79FA8CF2C724C2700596DB1 /* RequestBuilder_tests.swift */; };
		E79FA8D32C72654B00596DB1 /* ResourceSpy.swift in Sources */ = {isa = PBXBuildFile; fileRef = E79FA8D22C72654B00596DB1 /* ResourceSpy.swift */; };
		E79FA8D52C72843800596DB1 /* Data+fixture.swift in Sources */ = {isa = PBXBuildFile; fileRef = E79FA8D42C72843800596DB1 /* Data+fixture.swift */; };
		E79FA8D72C72885400596DB1 /* Authorizer_tests.swift in Sources */ = {isa = PBXBuildFile; fileRef = E79FA8D62C72885400596DB1 /* Authorizer_tests.swift */; };
		E79FA8DA2C728D4100596DB1 /* XCTestCase+firstElement.swift in Sources */ = {isa = PBXBuildFile; fileRef = E79FA8D92C728D4100596DB1 /* XCTestCase+firstElement.swift */; };
		E79FA8DC2C73900800596DB1 /* LoginInteractor_tests.swift in Sources */ = {isa = PBXBuildFile; fileRef = E79FA8DB2C73900800596DB1 /* LoginInteractor_tests.swift */; };
		E79FA8DE2C73ABEC00596DB1 /* Server.swift in Sources */ = {isa = PBXBuildFile; fileRef = E79FA8DD2C73ABEC00596DB1 /* Server.swift */; };
		E79FA8E02C73ABFA00596DB1 /* StorableServer.swift in Sources */ = {isa = PBXBuildFile; fileRef = E79FA8DF2C73ABFA00596DB1 /* StorableServer.swift */; };
		E79FA8E22C73AC5500596DB1 /* AppDatabaseService.swift in Sources */ = {isa = PBXBuildFile; fileRef = E79FA8E12C73AC5500596DB1 /* AppDatabaseService.swift */; };
		E79FA8E42C73AD7E00596DB1 /* StoredServersListServing.swift in Sources */ = {isa = PBXBuildFile; fileRef = E79FA8E32C73AD7E00596DB1 /* StoredServersListServing.swift */; };
		E79FA8E62C73B6C600596DB1 /* ServersInteractor_tests.swift in Sources */ = {isa = PBXBuildFile; fileRef = E79FA8E52C73B6C600596DB1 /* ServersInteractor_tests.swift */; };
		E79FA8E82C73B70500596DB1 /* AuthorizerSpy.swift in Sources */ = {isa = PBXBuildFile; fileRef = E79FA8E72C73B70500596DB1 /* AuthorizerSpy.swift */; };
		E79FA8EB2C74972700596DB1 /* matchByDescription.swift in Sources */ = {isa = PBXBuildFile; fileRef = E79FA8EA2C74972700596DB1 /* matchByDescription.swift */; };
		E7FDA1302C6D0E4C006E67F1 /* NetworkError.swift in Sources */ = {isa = PBXBuildFile; fileRef = E7FDA12F2C6D0E4C006E67F1 /* NetworkError.swift */; };
		E7FDA1332C6D1554006E67F1 /* ObtainAuthorization.swift in Sources */ = {isa = PBXBuildFile; fileRef = E7FDA1322C6D1554006E67F1 /* ObtainAuthorization.swift */; };
		E7FDA1382C6D18A5006E67F1 /* RootView.swift in Sources */ = {isa = PBXBuildFile; fileRef = E7FDA1372C6D18A5006E67F1 /* RootView.swift */; };
		E7FDA13A2C6D1926006E67F1 /* ViewFactory+buildRootView.swift in Sources */ = {isa = PBXBuildFile; fileRef = E7FDA1392C6D1926006E67F1 /* ViewFactory+buildRootView.swift */; };
		E7FDA13C2C6D1984006E67F1 /* RootViewInteractor.swift in Sources */ = {isa = PBXBuildFile; fileRef = E7FDA13B2C6D1984006E67F1 /* RootViewInteractor.swift */; };
		E7FDA13F2C6E3EEA006E67F1 /* Authorization.swift in Sources */ = {isa = PBXBuildFile; fileRef = E7FDA13E2C6E3EEA006E67F1 /* Authorization.swift */; };
		E7FDA1412C6E3EFE006E67F1 /* Authorizer.swift in Sources */ = {isa = PBXBuildFile; fileRef = E7FDA1402C6E3EFE006E67F1 /* Authorizer.swift */; };
		E7FDA1432C6E4692006E67F1 /* LoginServing.swift in Sources */ = {isa = PBXBuildFile; fileRef = E7FDA1422C6E4692006E67F1 /* LoginServing.swift */; };
		E7FDA1462C6E7871006E67F1 /* ServersView.swift in Sources */ = {isa = PBXBuildFile; fileRef = E7FDA1452C6E7871006E67F1 /* ServersView.swift */; };
		E7FDA1482C6E7897006E67F1 /* ViewFactory+buildServersView.swift in Sources */ = {isa = PBXBuildFile; fileRef = E7FDA1472C6E7897006E67F1 /* ViewFactory+buildServersView.swift */; };
		E7FDA14C2C6E791B006E67F1 /* ServersInteractor.swift in Sources */ = {isa = PBXBuildFile; fileRef = E7FDA14B2C6E791B006E67F1 /* ServersInteractor.swift */; };
		E7FDA1592C6F4C44006E67F1 /* ErrorPresenter.swift in Sources */ = {isa = PBXBuildFile; fileRef = E7FDA1582C6F4C44006E67F1 /* ErrorPresenter.swift */; };
		E7FDA15B2C6F513B006E67F1 /* ErrorView.swift in Sources */ = {isa = PBXBuildFile; fileRef = E7FDA15A2C6F513B006E67F1 /* ErrorView.swift */; };
		E7FDA15D2C6F514E006E67F1 /* View+onErrorReceived.swift in Sources */ = {isa = PBXBuildFile; fileRef = E7FDA15C2C6F514E006E67F1 /* View+onErrorReceived.swift */; };
/* End PBXBuildFile section */

/* Begin PBXContainerItemProxy section */
		E79FA8CB2C6F8F8A00596DB1 /* PBXContainerItemProxy */ = {
			isa = PBXContainerItemProxy;
			containerPortal = E77CCDA12C6CB35800CF764E /* Project object */;
			proxyType = 1;
			remoteGlobalIDString = E77CCDA82C6CB35800CF764E;
			remoteInfo = CodeSample;
		};
/* End PBXContainerItemProxy section */

/* Begin PBXFileReference section */
		E70169792C6F6B5300C28B7A /* ApiServer.swift */ = {isa = PBXFileReference; lastKnownFileType = sourcecode.swift; path = ApiServer.swift; sourceTree = "<group>"; };
		E701697B2C6F6B6700C28B7A /* RemoteServersListServing.swift */ = {isa = PBXFileReference; lastKnownFileType = sourcecode.swift; path = RemoteServersListServing.swift; sourceTree = "<group>"; };
		E701697D2C6F6B7600C28B7A /* FetchServersList.swift */ = {isa = PBXFileReference; lastKnownFileType = sourcecode.swift; path = FetchServersList.swift; sourceTree = "<group>"; };
		E701697F2C6F6D3200C28B7A /* ServersViewModel.swift */ = {isa = PBXFileReference; lastKnownFileType = sourcecode.swift; path = ServersViewModel.swift; sourceTree = "<group>"; };
		E70169812C6F85D000C28B7A /* AuthorizationProviding.swift */ = {isa = PBXFileReference; lastKnownFileType = sourcecode.swift; path = AuthorizationProviding.swift; sourceTree = "<group>"; };
		E70169832C6F86EB00C28B7A /* RequestBuilderError.swift */ = {isa = PBXFileReference; lastKnownFileType = sourcecode.swift; path = RequestBuilderError.swift; sourceTree = "<group>"; };
		E70EA9762C6CE58D00D25AFC /* ViewFactory+buildLoginView.swift */ = {isa = PBXFileReference; lastKnownFileType = sourcecode.swift; path = "ViewFactory+buildLoginView.swift"; sourceTree = "<group>"; };
		E70EA9792C6CE83E00D25AFC /* NetworkClient.swift */ = {isa = PBXFileReference; lastKnownFileType = sourcecode.swift; path = NetworkClient.swift; sourceTree = "<group>"; };
		E70EA97C2C6CE86B00D25AFC /* Resource.swift */ = {isa = PBXFileReference; lastKnownFileType = sourcecode.swift; path = Resource.swift; sourceTree = "<group>"; };
		E70EA97E2C6CE91900D25AFC /* NetworkSession.swift */ = {isa = PBXFileReference; lastKnownFileType = sourcecode.swift; path = NetworkSession.swift; sourceTree = "<group>"; };
		E70EA9802C6CEA6100D25AFC /* RequestBuilder.swift */ = {isa = PBXFileReference; lastKnownFileType = sourcecode.swift; path = RequestBuilder.swift; sourceTree = "<group>"; };
		E70EA9852C6CEAF500D25AFC /* Keychain.swift */ = {isa = PBXFileReference; lastKnownFileType = sourcecode.swift; path = Keychain.swift; sourceTree = "<group>"; };
		E70EA98A2C6CEC8A00D25AFC /* JSONEncoder+toSnakeCase.swift */ = {isa = PBXFileReference; lastKnownFileType = sourcecode.swift; path = "JSONEncoder+toSnakeCase.swift"; sourceTree = "<group>"; };
		E70EA98C2C6CECA300D25AFC /* JSONDecoder+fromSnakeCase.swift */ = {isa = PBXFileReference; lastKnownFileType = sourcecode.swift; path = "JSONDecoder+fromSnakeCase.swift"; sourceTree = "<group>"; };
		E77CCDA92C6CB35800CF764E /* CodeSample.app */ = {isa = PBXFileReference; explicitFileType = wrapper.application; includeInIndex = 0; path = CodeSample.app; sourceTree = BUILT_PRODUCTS_DIR; };
		E77CCDAE2C6CB35800CF764E /* LoginView.swift */ = {isa = PBXFileReference; lastKnownFileType = sourcecode.swift; path = LoginView.swift; sourceTree = "<group>"; };
		E77CCDB02C6CB35900CF764E /* Assets.xcassets */ = {isa = PBXFileReference; lastKnownFileType = folder.assetcatalog; path = Assets.xcassets; sourceTree = "<group>"; };
		E77CCDB32C6CB35900CF764E /* Preview Assets.xcassets */ = {isa = PBXFileReference; lastKnownFileType = folder.assetcatalog; path = "Preview Assets.xcassets"; sourceTree = "<group>"; };
		E77CCDBA2C6CB3AE00CF764E /* Info.plist */ = {isa = PBXFileReference; lastKnownFileType = text.plist; path = Info.plist; sourceTree = "<group>"; };
		E77CCDBF2C6CB3D700CF764E /* AppDependencies.swift */ = {isa = PBXFileReference; lastKnownFileType = sourcecode.swift; path = AppDependencies.swift; sourceTree = "<group>"; };
		E77CCDC12C6CB3E700CF764E /* ViewFactory.swift */ = {isa = PBXFileReference; lastKnownFileType = sourcecode.swift; path = ViewFactory.swift; sourceTree = "<group>"; };
		E77CCDC32C6CB46B00CF764E /* Coordinator.swift */ = {isa = PBXFileReference; lastKnownFileType = sourcecode.swift; path = Coordinator.swift; sourceTree = "<group>"; };
		E77CCDC52C6CB48E00CF764E /* RootCoordinator.swift */ = {isa = PBXFileReference; lastKnownFileType = sourcecode.swift; path = RootCoordinator.swift; sourceTree = "<group>"; };
		E77CCDC72C6CB4AC00CF764E /* UIViewController+addChildController.swift */ = {isa = PBXFileReference; lastKnownFileType = sourcecode.swift; path = "UIViewController+addChildController.swift"; sourceTree = "<group>"; };
		E77CCDC92C6CB8E700CF764E /* AppDelegate.swift */ = {isa = PBXFileReference; lastKnownFileType = sourcecode.swift; path = AppDelegate.swift; sourceTree = "<group>"; };
		E77CCDCC2C6CDB4000CF764E /* LoginViewModel.swift */ = {isa = PBXFileReference; lastKnownFileType = sourcecode.swift; path = LoginViewModel.swift; sourceTree = "<group>"; };
		E77CCDCE2C6CDCFD00CF764E /* LoginInteractor.swift */ = {isa = PBXFileReference; lastKnownFileType = sourcecode.swift; path = LoginInteractor.swift; sourceTree = "<group>"; };
		E77CCDD02C6CDEEF00CF764E /* AsyncButton.swift */ = {isa = PBXFileReference; lastKnownFileType = sourcecode.swift; path = AsyncButton.swift; sourceTree = "<group>"; };
		E79FA8B82C6F8EDA00596DB1 /* CodeSampleTests.xctest */ = {isa = PBXFileReference; explicitFileType = wrapper.cfbundle; includeInIndex = 0; path = CodeSampleTests.xctest; sourceTree = BUILT_PRODUCTS_DIR; };
		E79FA8CD2C6F90A200596DB1 /* NetworkClient_tests.swift */ = {isa = PBXFileReference; lastKnownFileType = sourcecode.swift; path = NetworkClient_tests.swift; sourceTree = "<group>"; };
		E79FA8CF2C724C2700596DB1 /* RequestBuilder_tests.swift */ = {isa = PBXFileReference; lastKnownFileType = sourcecode.swift; path = RequestBuilder_tests.swift; sourceTree = "<group>"; };
		E79FA8D22C72654B00596DB1 /* ResourceSpy.swift */ = {isa = PBXFileReference; lastKnownFileType = sourcecode.swift; path = ResourceSpy.swift; sourceTree = "<group>"; };
		E79FA8D42C72843800596DB1 /* Data+fixture.swift */ = {isa = PBXFileReference; lastKnownFileType = sourcecode.swift; path = "Data+fixture.swift"; sourceTree = "<group>"; };
		E79FA8D62C72885400596DB1 /* Authorizer_tests.swift */ = {isa = PBXFileReference; lastKnownFileType = sourcecode.swift; path = Authorizer_tests.swift; sourceTree = "<group>"; };
		E79FA8D92C728D4100596DB1 /* XCTestCase+firstElement.swift */ = {isa = PBXFileReference; lastKnownFileType = sourcecode.swift; path = "XCTestCase+firstElement.swift"; sourceTree = "<group>"; };
		E79FA8DB2C73900800596DB1 /* LoginInteractor_tests.swift */ = {isa = PBXFileReference; lastKnownFileType = sourcecode.swift; path = LoginInteractor_tests.swift; sourceTree = "<group>"; };
		E79FA8DD2C73ABEC00596DB1 /* Server.swift */ = {isa = PBXFileReference; lastKnownFileType = sourcecode.swift; path = Server.swift; sourceTree = "<group>"; };
		E79FA8DF2C73ABFA00596DB1 /* StorableServer.swift */ = {isa = PBXFileReference; lastKnownFileType = sourcecode.swift; path = StorableServer.swift; sourceTree = "<group>"; };
		E79FA8E12C73AC5500596DB1 /* AppDatabaseService.swift */ = {isa = PBXFileReference; lastKnownFileType = sourcecode.swift; path = AppDatabaseService.swift; sourceTree = "<group>"; };
		E79FA8E32C73AD7E00596DB1 /* StoredServersListServing.swift */ = {isa = PBXFileReference; lastKnownFileType = sourcecode.swift; path = StoredServersListServing.swift; sourceTree = "<group>"; };
		E79FA8E52C73B6C600596DB1 /* ServersInteractor_tests.swift */ = {isa = PBXFileReference; lastKnownFileType = sourcecode.swift; path = ServersInteractor_tests.swift; sourceTree = "<group>"; };
		E79FA8E72C73B70500596DB1 /* AuthorizerSpy.swift */ = {isa = PBXFileReference; lastKnownFileType = sourcecode.swift; path = AuthorizerSpy.swift; sourceTree = "<group>"; };
		E79FA8EA2C74972700596DB1 /* matchByDescription.swift */ = {isa = PBXFileReference; lastKnownFileType = sourcecode.swift; path = matchByDescription.swift; sourceTree = "<group>"; };
		E7FDA12F2C6D0E4C006E67F1 /* NetworkError.swift */ = {isa = PBXFileReference; lastKnownFileType = sourcecode.swift; path = NetworkError.swift; sourceTree = "<group>"; };
		E7FDA1322C6D1554006E67F1 /* ObtainAuthorization.swift */ = {isa = PBXFileReference; lastKnownFileType = sourcecode.swift; path = ObtainAuthorization.swift; sourceTree = "<group>"; };
		E7FDA1372C6D18A5006E67F1 /* RootView.swift */ = {isa = PBXFileReference; lastKnownFileType = sourcecode.swift; path = RootView.swift; sourceTree = "<group>"; };
		E7FDA1392C6D1926006E67F1 /* ViewFactory+buildRootView.swift */ = {isa = PBXFileReference; lastKnownFileType = sourcecode.swift; path = "ViewFactory+buildRootView.swift"; sourceTree = "<group>"; };
		E7FDA13B2C6D1984006E67F1 /* RootViewInteractor.swift */ = {isa = PBXFileReference; lastKnownFileType = sourcecode.swift; path = RootViewInteractor.swift; sourceTree = "<group>"; };
		E7FDA13E2C6E3EEA006E67F1 /* Authorization.swift */ = {isa = PBXFileReference; lastKnownFileType = sourcecode.swift; path = Authorization.swift; sourceTree = "<group>"; };
		E7FDA1402C6E3EFE006E67F1 /* Authorizer.swift */ = {isa = PBXFileReference; lastKnownFileType = sourcecode.swift; path = Authorizer.swift; sourceTree = "<group>"; };
		E7FDA1422C6E4692006E67F1 /* LoginServing.swift */ = {isa = PBXFileReference; lastKnownFileType = sourcecode.swift; path = LoginServing.swift; sourceTree = "<group>"; };
		E7FDA1452C6E7871006E67F1 /* ServersView.swift */ = {isa = PBXFileReference; lastKnownFileType = sourcecode.swift; path = ServersView.swift; sourceTree = "<group>"; };
		E7FDA1472C6E7897006E67F1 /* ViewFactory+buildServersView.swift */ = {isa = PBXFileReference; lastKnownFileType = sourcecode.swift; path = "ViewFactory+buildServersView.swift"; sourceTree = "<group>"; };
		E7FDA14B2C6E791B006E67F1 /* ServersInteractor.swift */ = {isa = PBXFileReference; lastKnownFileType = sourcecode.swift; path = ServersInteractor.swift; sourceTree = "<group>"; };
		E7FDA1582C6F4C44006E67F1 /* ErrorPresenter.swift */ = {isa = PBXFileReference; lastKnownFileType = sourcecode.swift; path = ErrorPresenter.swift; sourceTree = "<group>"; };
		E7FDA15A2C6F513B006E67F1 /* ErrorView.swift */ = {isa = PBXFileReference; lastKnownFileType = sourcecode.swift; path = ErrorView.swift; sourceTree = "<group>"; };
		E7FDA15C2C6F514E006E67F1 /* View+onErrorReceived.swift */ = {isa = PBXFileReference; lastKnownFileType = sourcecode.swift; path = "View+onErrorReceived.swift"; sourceTree = "<group>"; };
/* End PBXFileReference section */

/* Begin PBXFrameworksBuildPhase section */
		E77CCDA62C6CB35800CF764E /* Frameworks */ = {
			isa = PBXFrameworksBuildPhase;
			buildActionMask = 2147483647;
			files = (
				E79FA8A62C6F8E2400596DB1 /* Valet in Frameworks */,
			);
			runOnlyForDeploymentPostprocessing = 0;
		};
		E79FA8B52C6F8EDA00596DB1 /* Frameworks */ = {
			isa = PBXFrameworksBuildPhase;
			buildActionMask = 2147483647;
			files = (
				E79FA8C32C6F8F1400596DB1 /* Quick in Frameworks */,
				E79FA8CA2C6F8F2C00596DB1 /* Nimble in Frameworks */,
			);
			runOnlyForDeploymentPostprocessing = 0;
		};
/* End PBXFrameworksBuildPhase section */

/* Begin PBXGroup section */
		E70EA9782C6CE83600D25AFC /* Networking */ = {
			isa = PBXGroup;
			children = (
				E70EA97B2C6CE86300D25AFC /* Resources */,
				E70EA9792C6CE83E00D25AFC /* NetworkClient.swift */,
				E79FA8CD2C6F90A200596DB1 /* NetworkClient_tests.swift */,
				E70EA97E2C6CE91900D25AFC /* NetworkSession.swift */,
				E70EA9802C6CEA6100D25AFC /* RequestBuilder.swift */,
				E79FA8CF2C724C2700596DB1 /* RequestBuilder_tests.swift */,
				E7FDA12F2C6D0E4C006E67F1 /* NetworkError.swift */,
				E70169832C6F86EB00C28B7A /* RequestBuilderError.swift */,
			);
			path = Networking;
			sourceTree = "<group>";
		};
		E70EA97B2C6CE86300D25AFC /* Resources */ = {
			isa = PBXGroup;
			children = (
				E70EA97C2C6CE86B00D25AFC /* Resource.swift */,
				E7FDA1322C6D1554006E67F1 /* ObtainAuthorization.swift */,
				E701697D2C6F6B7600C28B7A /* FetchServersList.swift */,
			);
			path = Resources;
			sourceTree = "<group>";
		};
		E70EA9842C6CEAEE00D25AFC /* Storing */ = {
			isa = PBXGroup;
			children = (
				E70EA9852C6CEAF500D25AFC /* Keychain.swift */,
			);
			path = Storing;
			sourceTree = "<group>";
		};
		E77CCDA02C6CB35800CF764E = {
			isa = PBXGroup;
			children = (
				E77CCDAB2C6CB35800CF764E /* CodeSample */,
				E79FA8B92C6F8EDA00596DB1 /* CodeSampleTests */,
				E77CCDAA2C6CB35800CF764E /* Products */,
			);
			sourceTree = "<group>";
		};
		E77CCDAA2C6CB35800CF764E /* Products */ = {
			isa = PBXGroup;
			children = (
				E77CCDA92C6CB35800CF764E /* CodeSample.app */,
				E79FA8B82C6F8EDA00596DB1 /* CodeSampleTests.xctest */,
			);
			name = Products;
			sourceTree = "<group>";
		};
		E77CCDAB2C6CB35800CF764E /* CodeSample */ = {
			isa = PBXGroup;
			children = (
				E7FDA13D2C6E3ED8006E67F1 /* Models */,
				E70EA9842C6CEAEE00D25AFC /* Storing */,
				E70EA9782C6CE83600D25AFC /* Networking */,
				E77CCDBE2C6CB3C300CF764E /* Coordinators */,
				E77CCDBD2C6CB3BC00CF764E /* Dependencies */,
				E77CCDBC2C6CB3B700CF764E /* Extensions */,
				E77CCDBB2C6CB3B400CF764E /* Scenes */,
				E77CCDBA2C6CB3AE00CF764E /* Info.plist */,
				E77CCDB02C6CB35900CF764E /* Assets.xcassets */,
				E77CCDB22C6CB35900CF764E /* Preview Content */,
				E77CCDC92C6CB8E700CF764E /* AppDelegate.swift */,
			);
			path = CodeSample;
			sourceTree = "<group>";
		};
		E77CCDB22C6CB35900CF764E /* Preview Content */ = {
			isa = PBXGroup;
			children = (
				E77CCDB32C6CB35900CF764E /* Preview Assets.xcassets */,
			);
			path = "Preview Content";
			sourceTree = "<group>";
		};
		E77CCDBB2C6CB3B400CF764E /* Scenes */ = {
			isa = PBXGroup;
			children = (
				E7FDA1572C6F4C26006E67F1 /* Error */,
				E7FDA1442C6E783D006E67F1 /* Servers */,
				E7FDA1362C6D189D006E67F1 /* Root */,
				E77CCDCB2C6CDB3700CF764E /* Login */,
			);
			path = Scenes;
			sourceTree = "<group>";
		};
		E77CCDBC2C6CB3B700CF764E /* Extensions */ = {
			isa = PBXGroup;
			children = (
				E77CCDC72C6CB4AC00CF764E /* UIViewController+addChildController.swift */,
				E70EA98A2C6CEC8A00D25AFC /* JSONEncoder+toSnakeCase.swift */,
				E70EA98C2C6CECA300D25AFC /* JSONDecoder+fromSnakeCase.swift */,
			);
			path = Extensions;
			sourceTree = "<group>";
		};
		E77CCDBD2C6CB3BC00CF764E /* Dependencies */ = {
			isa = PBXGroup;
			children = (
				E7FDA1402C6E3EFE006E67F1 /* Authorizer.swift */,
				E79FA8D62C72885400596DB1 /* Authorizer_tests.swift */,
				E77CCDBF2C6CB3D700CF764E /* AppDependencies.swift */,
				E77CCDC12C6CB3E700CF764E /* ViewFactory.swift */,
				E7FDA1422C6E4692006E67F1 /* LoginServing.swift */,
				E701697B2C6F6B6700C28B7A /* RemoteServersListServing.swift */,
				E70169812C6F85D000C28B7A /* AuthorizationProviding.swift */,
				E79FA8E12C73AC5500596DB1 /* AppDatabaseService.swift */,
				E79FA8E32C73AD7E00596DB1 /* StoredServersListServing.swift */,
			);
			path = Dependencies;
			sourceTree = "<group>";
		};
		E77CCDBE2C6CB3C300CF764E /* Coordinators */ = {
			isa = PBXGroup;
			children = (
				E77CCDC32C6CB46B00CF764E /* Coordinator.swift */,
				E77CCDC52C6CB48E00CF764E /* RootCoordinator.swift */,
			);
			path = Coordinators;
			sourceTree = "<group>";
		};
		E77CCDCB2C6CDB3700CF764E /* Login */ = {
			isa = PBXGroup;
			children = (
				E77CCDAE2C6CB35800CF764E /* LoginView.swift */,
				E77CCDCC2C6CDB4000CF764E /* LoginViewModel.swift */,
				E77CCDCE2C6CDCFD00CF764E /* LoginInteractor.swift */,
				E79FA8DB2C73900800596DB1 /* LoginInteractor_tests.swift */,
				E77CCDD02C6CDEEF00CF764E /* AsyncButton.swift */,
				E70EA9762C6CE58D00D25AFC /* ViewFactory+buildLoginView.swift */,
			);
			path = Login;
			sourceTree = "<group>";
		};
		E79FA8B92C6F8EDA00596DB1 /* CodeSampleTests */ = {
			isa = PBXGroup;
			children = (
				E79FA8E92C74971A00596DB1 /* Helpers */,
				E79FA8D82C728D2E00596DB1 /* Extensions */,
				E79FA8D12C72653900596DB1 /* Commons */,
			);
			path = CodeSampleTests;
			sourceTree = "<group>";
		};
		E79FA8D12C72653900596DB1 /* Commons */ = {
			isa = PBXGroup;
			children = (
				E79FA8D22C72654B00596DB1 /* ResourceSpy.swift */,
				E79FA8D42C72843800596DB1 /* Data+fixture.swift */,
				E79FA8E72C73B70500596DB1 /* AuthorizerSpy.swift */,
			);
			path = Commons;
			sourceTree = "<group>";
		};
		E79FA8D82C728D2E00596DB1 /* Extensions */ = {
			isa = PBXGroup;
			children = (
				E79FA8D92C728D4100596DB1 /* XCTestCase+firstElement.swift */,
			);
			path = Extensions;
			sourceTree = "<group>";
		};
		E79FA8E92C74971A00596DB1 /* Helpers */ = {
			isa = PBXGroup;
			children = (
				E79FA8EA2C74972700596DB1 /* matchByDescription.swift */,
			);
			path = Helpers;
			sourceTree = "<group>";
		};
		E7FDA1362C6D189D006E67F1 /* Root */ = {
			isa = PBXGroup;
			children = (
				E7FDA1372C6D18A5006E67F1 /* RootView.swift */,
				E7FDA1392C6D1926006E67F1 /* ViewFactory+buildRootView.swift */,
				E7FDA13B2C6D1984006E67F1 /* RootViewInteractor.swift */,
			);
			path = Root;
			sourceTree = "<group>";
		};
		E7FDA13D2C6E3ED8006E67F1 /* Models */ = {
			isa = PBXGroup;
			children = (
				E7FDA13E2C6E3EEA006E67F1 /* Authorization.swift */,
				E79FA8DD2C73ABEC00596DB1 /* Server.swift */,
				E70169792C6F6B5300C28B7A /* ApiServer.swift */,
				E79FA8DF2C73ABFA00596DB1 /* StorableServer.swift */,
			);
			path = Models;
			sourceTree = "<group>";
		};
		E7FDA1442C6E783D006E67F1 /* Servers */ = {
			isa = PBXGroup;
			children = (
				E7FDA1452C6E7871006E67F1 /* ServersView.swift */,
				E7FDA1472C6E7897006E67F1 /* ViewFactory+buildServersView.swift */,
				E7FDA14B2C6E791B006E67F1 /* ServersInteractor.swift */,
				E79FA8E52C73B6C600596DB1 /* ServersInteractor_tests.swift */,
				E701697F2C6F6D3200C28B7A /* ServersViewModel.swift */,
			);
			path = Servers;
			sourceTree = "<group>";
		};
		E7FDA1572C6F4C26006E67F1 /* Error */ = {
			isa = PBXGroup;
			children = (
				E7FDA1582C6F4C44006E67F1 /* ErrorPresenter.swift */,
				E7FDA15A2C6F513B006E67F1 /* ErrorView.swift */,
				E7FDA15C2C6F514E006E67F1 /* View+onErrorReceived.swift */,
			);
			path = Error;
			sourceTree = "<group>";
		};
/* End PBXGroup section */

/* Begin PBXNativeTarget section */
		E77CCDA82C6CB35800CF764E /* CodeSample */ = {
			isa = PBXNativeTarget;
			buildConfigurationList = E77CCDB72C6CB35900CF764E /* Build configuration list for PBXNativeTarget "CodeSample" */;
			buildPhases = (
				E77CCDA52C6CB35800CF764E /* Sources */,
				E77CCDA62C6CB35800CF764E /* Frameworks */,
				E77CCDA72C6CB35800CF764E /* Resources */,
			);
			buildRules = (
			);
			dependencies = (
			);
			name = CodeSample;
			packageProductDependencies = (
				E79FA8A52C6F8E2400596DB1 /* Valet */,
			);
			productName = CodeSample;
			productReference = E77CCDA92C6CB35800CF764E /* CodeSample.app */;
			productType = "com.apple.product-type.application";
		};
		E79FA8B72C6F8EDA00596DB1 /* CodeSampleTests */ = {
			isa = PBXNativeTarget;
			buildConfigurationList = E79FA8BE2C6F8EDA00596DB1 /* Build configuration list for PBXNativeTarget "CodeSampleTests" */;
			buildPhases = (
				E79FA8B42C6F8EDA00596DB1 /* Sources */,
				E79FA8B52C6F8EDA00596DB1 /* Frameworks */,
				E79FA8B62C6F8EDA00596DB1 /* Resources */,
			);
			buildRules = (
			);
			dependencies = (
				E79FA8CC2C6F8F8A00596DB1 /* PBXTargetDependency */,
			);
			name = CodeSampleTests;
			packageProductDependencies = (
				E79FA8C22C6F8F1400596DB1 /* Quick */,
				E79FA8C92C6F8F2C00596DB1 /* Nimble */,
			);
			productName = CodeSampleTests;
			productReference = E79FA8B82C6F8EDA00596DB1 /* CodeSampleTests.xctest */;
			productType = "com.apple.product-type.bundle.unit-test";
		};
/* End PBXNativeTarget section */

/* Begin PBXProject section */
		E77CCDA12C6CB35800CF764E /* Project object */ = {
			isa = PBXProject;
			attributes = {
				BuildIndependentTargetsInParallel = 1;
				LastSwiftUpdateCheck = 1510;
				LastUpgradeCheck = 1510;
				TargetAttributes = {
					E77CCDA82C6CB35800CF764E = {
						CreatedOnToolsVersion = 15.1;
					};
					E79FA8B72C6F8EDA00596DB1 = {
						CreatedOnToolsVersion = 15.1;
						LastSwiftMigration = 1510;
						TestTargetID = E77CCDA82C6CB35800CF764E;
					};
				};
			};
			buildConfigurationList = E77CCDA42C6CB35800CF764E /* Build configuration list for PBXProject "CodeSample" */;
			compatibilityVersion = "Xcode 14.0";
			developmentRegion = en;
			hasScannedForEncodings = 0;
			knownRegions = (
				en,
				Base,
			);
			mainGroup = E77CCDA02C6CB35800CF764E;
			packageReferences = (
				E79FA8A42C6F8E2400596DB1 /* XCRemoteSwiftPackageReference "Valet" */,
				E79FA8C12C6F8F1400596DB1 /* XCRemoteSwiftPackageReference "Quick" */,
				E79FA8C82C6F8F2C00596DB1 /* XCRemoteSwiftPackageReference "Nimble" */,
			);
			productRefGroup = E77CCDAA2C6CB35800CF764E /* Products */;
			projectDirPath = "";
			projectRoot = "";
			targets = (
				E77CCDA82C6CB35800CF764E /* CodeSample */,
				E79FA8B72C6F8EDA00596DB1 /* CodeSampleTests */,
			);
		};
/* End PBXProject section */

/* Begin PBXResourcesBuildPhase section */
		E77CCDA72C6CB35800CF764E /* Resources */ = {
			isa = PBXResourcesBuildPhase;
			buildActionMask = 2147483647;
			files = (
				E77CCDB42C6CB35900CF764E /* Preview Assets.xcassets in Resources */,
				E77CCDB12C6CB35900CF764E /* Assets.xcassets in Resources */,
			);
			runOnlyForDeploymentPostprocessing = 0;
		};
		E79FA8B62C6F8EDA00596DB1 /* Resources */ = {
			isa = PBXResourcesBuildPhase;
			buildActionMask = 2147483647;
			files = (
			);
			runOnlyForDeploymentPostprocessing = 0;
		};
/* End PBXResourcesBuildPhase section */

/* Begin PBXSourcesBuildPhase section */
		E77CCDA52C6CB35800CF764E /* Sources */ = {
			isa = PBXSourcesBuildPhase;
			buildActionMask = 2147483647;
			files = (
				E70169802C6F6D3200C28B7A /* ServersViewModel.swift in Sources */,
				E70EA9862C6CEAF500D25AFC /* Keychain.swift in Sources */,
				E7FDA1382C6D18A5006E67F1 /* RootView.swift in Sources */,
				E701697C2C6F6B6700C28B7A /* RemoteServersListServing.swift in Sources */,
				E70EA9812C6CEA6100D25AFC /* RequestBuilder.swift in Sources */,
				E701697E2C6F6B7600C28B7A /* FetchServersList.swift in Sources */,
				E7FDA1592C6F4C44006E67F1 /* ErrorPresenter.swift in Sources */,
				E70EA97D2C6CE86B00D25AFC /* Resource.swift in Sources */,
				E70EA9772C6CE58D00D25AFC /* ViewFactory+buildLoginView.swift in Sources */,
				E77CCDCA2C6CB8E700CF764E /* AppDelegate.swift in Sources */,
				E79FA8E02C73ABFA00596DB1 /* StorableServer.swift in Sources */,
				E77CCDC02C6CB3D700CF764E /* AppDependencies.swift in Sources */,
				E77CCDAF2C6CB35800CF764E /* LoginView.swift in Sources */,
				E7FDA1482C6E7897006E67F1 /* ViewFactory+buildServersView.swift in Sources */,
				E70EA98D2C6CECA300D25AFC /* JSONDecoder+fromSnakeCase.swift in Sources */,
				E7FDA1302C6D0E4C006E67F1 /* NetworkError.swift in Sources */,
				E7FDA1432C6E4692006E67F1 /* LoginServing.swift in Sources */,
				E70169822C6F85D000C28B7A /* AuthorizationProviding.swift in Sources */,
				E77CCDC42C6CB46B00CF764E /* Coordinator.swift in Sources */,
				E7FDA15D2C6F514E006E67F1 /* View+onErrorReceived.swift in Sources */,
				E70169842C6F86EB00C28B7A /* RequestBuilderError.swift in Sources */,
				E77CCDCD2C6CDB4000CF764E /* LoginViewModel.swift in Sources */,
				E70EA97F2C6CE91900D25AFC /* NetworkSession.swift in Sources */,
				E7FDA13A2C6D1926006E67F1 /* ViewFactory+buildRootView.swift in Sources */,
				E77CCDC62C6CB48E00CF764E /* RootCoordinator.swift in Sources */,
				E7FDA13F2C6E3EEA006E67F1 /* Authorization.swift in Sources */,
				E7FDA15B2C6F513B006E67F1 /* ErrorView.swift in Sources */,
				E77CCDD12C6CDEEF00CF764E /* AsyncButton.swift in Sources */,
				E79FA8E22C73AC5500596DB1 /* AppDatabaseService.swift in Sources */,
				E77CCDC22C6CB3E700CF764E /* ViewFactory.swift in Sources */,
				E70EA98B2C6CEC8A00D25AFC /* JSONEncoder+toSnakeCase.swift in Sources */,
				E77CCDC82C6CB4AC00CF764E /* UIViewController+addChildController.swift in Sources */,
				E7FDA14C2C6E791B006E67F1 /* ServersInteractor.swift in Sources */,
				E7FDA1412C6E3EFE006E67F1 /* Authorizer.swift in Sources */,
				E7FDA13C2C6D1984006E67F1 /* RootViewInteractor.swift in Sources */,
				E77CCDCF2C6CDCFD00CF764E /* LoginInteractor.swift in Sources */,
				E7FDA1332C6D1554006E67F1 /* ObtainAuthorization.swift in Sources */,
				E70EA97A2C6CE83E00D25AFC /* NetworkClient.swift in Sources */,
				E701697A2C6F6B5300C28B7A /* ApiServer.swift in Sources */,
				E79FA8DE2C73ABEC00596DB1 /* Server.swift in Sources */,
				E79FA8E42C73AD7E00596DB1 /* StoredServersListServing.swift in Sources */,
				E7FDA1462C6E7871006E67F1 /* ServersView.swift in Sources */,
			);
			runOnlyForDeploymentPostprocessing = 0;
		};
		E79FA8B42C6F8EDA00596DB1 /* Sources */ = {
			isa = PBXSourcesBuildPhase;
			buildActionMask = 2147483647;
			files = (
				E79FA8DA2C728D4100596DB1 /* XCTestCase+firstElement.swift in Sources */,
				E79FA8CE2C6F90A200596DB1 /* NetworkClient_tests.swift in Sources */,
				E79FA8D52C72843800596DB1 /* Data+fixture.swift in Sources */,
				E79FA8E82C73B70500596DB1 /* AuthorizerSpy.swift in Sources */,
				E79FA8DC2C73900800596DB1 /* LoginInteractor_tests.swift in Sources */,
				E79FA8D02C724C2700596DB1 /* RequestBuilder_tests.swift in Sources */,
				E79FA8D72C72885400596DB1 /* Authorizer_tests.swift in Sources */,
				E79FA8D32C72654B00596DB1 /* ResourceSpy.swift in Sources */,
				E79FA8E62C73B6C600596DB1 /* ServersInteractor_tests.swift in Sources */,
				E79FA8EB2C74972700596DB1 /* matchByDescription.swift in Sources */,
			);
			runOnlyForDeploymentPostprocessing = 0;
		};
/* End PBXSourcesBuildPhase section */

/* Begin PBXTargetDependency section */
		E79FA8CC2C6F8F8A00596DB1 /* PBXTargetDependency */ = {
			isa = PBXTargetDependency;
			target = E77CCDA82C6CB35800CF764E /* CodeSample */;
			targetProxy = E79FA8CB2C6F8F8A00596DB1 /* PBXContainerItemProxy */;
		};
/* End PBXTargetDependency section */

/* Begin XCBuildConfiguration section */
		E77CCDB52C6CB35900CF764E /* Debug */ = {
			isa = XCBuildConfiguration;
			buildSettings = {
				ALWAYS_SEARCH_USER_PATHS = NO;
				ASSETCATALOG_COMPILER_GENERATE_SWIFT_ASSET_SYMBOL_EXTENSIONS = YES;
				CLANG_ANALYZER_NONNULL = YES;
				CLANG_ANALYZER_NUMBER_OBJECT_CONVERSION = YES_AGGRESSIVE;
				CLANG_CXX_LANGUAGE_STANDARD = "gnu++20";
				CLANG_ENABLE_MODULES = YES;
				CLANG_ENABLE_OBJC_ARC = YES;
				CLANG_ENABLE_OBJC_WEAK = YES;
				CLANG_WARN_BLOCK_CAPTURE_AUTORELEASING = YES;
				CLANG_WARN_BOOL_CONVERSION = YES;
				CLANG_WARN_COMMA = YES;
				CLANG_WARN_CONSTANT_CONVERSION = YES;
				CLANG_WARN_DEPRECATED_OBJC_IMPLEMENTATIONS = YES;
				CLANG_WARN_DIRECT_OBJC_ISA_USAGE = YES_ERROR;
				CLANG_WARN_DOCUMENTATION_COMMENTS = YES;
				CLANG_WARN_EMPTY_BODY = YES;
				CLANG_WARN_ENUM_CONVERSION = YES;
				CLANG_WARN_INFINITE_RECURSION = YES;
				CLANG_WARN_INT_CONVERSION = YES;
				CLANG_WARN_NON_LITERAL_NULL_CONVERSION = YES;
				CLANG_WARN_OBJC_IMPLICIT_RETAIN_SELF = YES;
				CLANG_WARN_OBJC_LITERAL_CONVERSION = YES;
				CLANG_WARN_OBJC_ROOT_CLASS = YES_ERROR;
				CLANG_WARN_QUOTED_INCLUDE_IN_FRAMEWORK_HEADER = YES;
				CLANG_WARN_RANGE_LOOP_ANALYSIS = YES;
				CLANG_WARN_STRICT_PROTOTYPES = YES;
				CLANG_WARN_SUSPICIOUS_MOVE = YES;
				CLANG_WARN_UNGUARDED_AVAILABILITY = YES_AGGRESSIVE;
				CLANG_WARN_UNREACHABLE_CODE = YES;
				CLANG_WARN__DUPLICATE_METHOD_MATCH = YES;
				COPY_PHASE_STRIP = NO;
				DEBUG_INFORMATION_FORMAT = dwarf;
				ENABLE_STRICT_OBJC_MSGSEND = YES;
				ENABLE_TESTABILITY = YES;
				ENABLE_USER_SCRIPT_SANDBOXING = YES;
				GCC_C_LANGUAGE_STANDARD = gnu17;
				GCC_DYNAMIC_NO_PIC = NO;
				GCC_NO_COMMON_BLOCKS = YES;
				GCC_OPTIMIZATION_LEVEL = 0;
				GCC_PREPROCESSOR_DEFINITIONS = (
					"DEBUG=1",
					"$(inherited)",
				);
				GCC_WARN_64_TO_32_BIT_CONVERSION = YES;
				GCC_WARN_ABOUT_RETURN_TYPE = YES_ERROR;
				GCC_WARN_UNDECLARED_SELECTOR = YES;
				GCC_WARN_UNINITIALIZED_AUTOS = YES_AGGRESSIVE;
				GCC_WARN_UNUSED_FUNCTION = YES;
				GCC_WARN_UNUSED_VARIABLE = YES;
				IPHONEOS_DEPLOYMENT_TARGET = 17.2;
				LOCALIZATION_PREFERS_STRING_CATALOGS = YES;
				MTL_ENABLE_DEBUG_INFO = INCLUDE_SOURCE;
				MTL_FAST_MATH = YES;
				ONLY_ACTIVE_ARCH = YES;
				SDKROOT = iphoneos;
				SWIFT_ACTIVE_COMPILATION_CONDITIONS = "DEBUG $(inherited)";
				SWIFT_OPTIMIZATION_LEVEL = "-Onone";
			};
			name = Debug;
		};
		E77CCDB62C6CB35900CF764E /* Release */ = {
			isa = XCBuildConfiguration;
			buildSettings = {
				ALWAYS_SEARCH_USER_PATHS = NO;
				ASSETCATALOG_COMPILER_GENERATE_SWIFT_ASSET_SYMBOL_EXTENSIONS = YES;
				CLANG_ANALYZER_NONNULL = YES;
				CLANG_ANALYZER_NUMBER_OBJECT_CONVERSION = YES_AGGRESSIVE;
				CLANG_CXX_LANGUAGE_STANDARD = "gnu++20";
				CLANG_ENABLE_MODULES = YES;
				CLANG_ENABLE_OBJC_ARC = YES;
				CLANG_ENABLE_OBJC_WEAK = YES;
				CLANG_WARN_BLOCK_CAPTURE_AUTORELEASING = YES;
				CLANG_WARN_BOOL_CONVERSION = YES;
				CLANG_WARN_COMMA = YES;
				CLANG_WARN_CONSTANT_CONVERSION = YES;
				CLANG_WARN_DEPRECATED_OBJC_IMPLEMENTATIONS = YES;
				CLANG_WARN_DIRECT_OBJC_ISA_USAGE = YES_ERROR;
				CLANG_WARN_DOCUMENTATION_COMMENTS = YES;
				CLANG_WARN_EMPTY_BODY = YES;
				CLANG_WARN_ENUM_CONVERSION = YES;
				CLANG_WARN_INFINITE_RECURSION = YES;
				CLANG_WARN_INT_CONVERSION = YES;
				CLANG_WARN_NON_LITERAL_NULL_CONVERSION = YES;
				CLANG_WARN_OBJC_IMPLICIT_RETAIN_SELF = YES;
				CLANG_WARN_OBJC_LITERAL_CONVERSION = YES;
				CLANG_WARN_OBJC_ROOT_CLASS = YES_ERROR;
				CLANG_WARN_QUOTED_INCLUDE_IN_FRAMEWORK_HEADER = YES;
				CLANG_WARN_RANGE_LOOP_ANALYSIS = YES;
				CLANG_WARN_STRICT_PROTOTYPES = YES;
				CLANG_WARN_SUSPICIOUS_MOVE = YES;
				CLANG_WARN_UNGUARDED_AVAILABILITY = YES_AGGRESSIVE;
				CLANG_WARN_UNREACHABLE_CODE = YES;
				CLANG_WARN__DUPLICATE_METHOD_MATCH = YES;
				COPY_PHASE_STRIP = NO;
				DEBUG_INFORMATION_FORMAT = "dwarf-with-dsym";
				ENABLE_NS_ASSERTIONS = NO;
				ENABLE_STRICT_OBJC_MSGSEND = YES;
				ENABLE_USER_SCRIPT_SANDBOXING = YES;
				GCC_C_LANGUAGE_STANDARD = gnu17;
				GCC_NO_COMMON_BLOCKS = YES;
				GCC_WARN_64_TO_32_BIT_CONVERSION = YES;
				GCC_WARN_ABOUT_RETURN_TYPE = YES_ERROR;
				GCC_WARN_UNDECLARED_SELECTOR = YES;
				GCC_WARN_UNINITIALIZED_AUTOS = YES_AGGRESSIVE;
				GCC_WARN_UNUSED_FUNCTION = YES;
				GCC_WARN_UNUSED_VARIABLE = YES;
				IPHONEOS_DEPLOYMENT_TARGET = 17.2;
				LOCALIZATION_PREFERS_STRING_CATALOGS = YES;
				MTL_ENABLE_DEBUG_INFO = NO;
				MTL_FAST_MATH = YES;
				SDKROOT = iphoneos;
				SWIFT_COMPILATION_MODE = wholemodule;
				VALIDATE_PRODUCT = YES;
			};
			name = Release;
		};
		E77CCDB82C6CB35900CF764E /* Debug */ = {
			isa = XCBuildConfiguration;
			buildSettings = {
				ASSETCATALOG_COMPILER_APPICON_NAME = AppIcon;
				ASSETCATALOG_COMPILER_GLOBAL_ACCENT_COLOR_NAME = AccentColor;
				CODE_SIGN_STYLE = Automatic;
				CURRENT_PROJECT_VERSION = 1;
				DEVELOPMENT_ASSET_PATHS = "\"CodeSample/Preview Content\"";
				DEVELOPMENT_TEAM = ZVP65B2B4J;
				ENABLE_PREVIEWS = YES;
				GENERATE_INFOPLIST_FILE = YES;
				INFOPLIST_FILE = CodeSample/Info.plist;
				INFOPLIST_KEY_UIApplicationSupportsIndirectInputEvents = YES;
				INFOPLIST_KEY_UILaunchScreen_Generation = YES;
				INFOPLIST_KEY_UISupportedInterfaceOrientations_iPad = "UIInterfaceOrientationPortrait UIInterfaceOrientationPortraitUpsideDown UIInterfaceOrientationLandscapeLeft UIInterfaceOrientationLandscapeRight";
				INFOPLIST_KEY_UISupportedInterfaceOrientations_iPhone = "UIInterfaceOrientationPortrait UIInterfaceOrientationLandscapeLeft UIInterfaceOrientationLandscapeRight";
				LD_RUNPATH_SEARCH_PATHS = (
					"$(inherited)",
					"@executable_path/Frameworks",
				);
				MARKETING_VERSION = 1.0;
				PRODUCT_BUNDLE_IDENTIFIER = kacperjagiello.CodeSample;
				PRODUCT_NAME = "$(TARGET_NAME)";
				SWIFT_EMIT_LOC_STRINGS = YES;
				SWIFT_VERSION = 5.0;
				TARGETED_DEVICE_FAMILY = "1,2";
			};
			name = Debug;
		};
		E77CCDB92C6CB35900CF764E /* Release */ = {
			isa = XCBuildConfiguration;
			buildSettings = {
				ASSETCATALOG_COMPILER_APPICON_NAME = AppIcon;
				ASSETCATALOG_COMPILER_GLOBAL_ACCENT_COLOR_NAME = AccentColor;
				CODE_SIGN_STYLE = Automatic;
				CURRENT_PROJECT_VERSION = 1;
				DEVELOPMENT_ASSET_PATHS = "\"CodeSample/Preview Content\"";
				DEVELOPMENT_TEAM = ZVP65B2B4J;
				ENABLE_PREVIEWS = YES;
				GENERATE_INFOPLIST_FILE = YES;
				INFOPLIST_FILE = CodeSample/Info.plist;
				INFOPLIST_KEY_UIApplicationSupportsIndirectInputEvents = YES;
				INFOPLIST_KEY_UILaunchScreen_Generation = YES;
				INFOPLIST_KEY_UISupportedInterfaceOrientations_iPad = "UIInterfaceOrientationPortrait UIInterfaceOrientationPortraitUpsideDown UIInterfaceOrientationLandscapeLeft UIInterfaceOrientationLandscapeRight";
				INFOPLIST_KEY_UISupportedInterfaceOrientations_iPhone = "UIInterfaceOrientationPortrait UIInterfaceOrientationLandscapeLeft UIInterfaceOrientationLandscapeRight";
				LD_RUNPATH_SEARCH_PATHS = (
					"$(inherited)",
					"@executable_path/Frameworks",
				);
				MARKETING_VERSION = 1.0;
				PRODUCT_BUNDLE_IDENTIFIER = kacperjagiello.CodeSample;
				PRODUCT_NAME = "$(TARGET_NAME)";
				SWIFT_EMIT_LOC_STRINGS = YES;
				SWIFT_VERSION = 5.0;
				TARGETED_DEVICE_FAMILY = "1,2";
			};
			name = Release;
		};
		E79FA8BF2C6F8EDA00596DB1 /* Debug */ = {
			isa = XCBuildConfiguration;
			buildSettings = {
				BUNDLE_LOADER = "$(TEST_HOST)";
				CLANG_ENABLE_MODULES = YES;
				CODE_SIGN_STYLE = Automatic;
				CURRENT_PROJECT_VERSION = 1;
				DEVELOPMENT_TEAM = ZVP65B2B4J;
				GENERATE_INFOPLIST_FILE = YES;
				MARKETING_VERSION = 1.0;
				PRODUCT_BUNDLE_IDENTIFIER = kacperjagiello.CodeSampleTests;
				PRODUCT_NAME = "$(TARGET_NAME)";
				SWIFT_EMIT_LOC_STRINGS = NO;
				SWIFT_OPTIMIZATION_LEVEL = "-Onone";
				SWIFT_VERSION = 5.0;
				TARGETED_DEVICE_FAMILY = "1,2";
				TEST_HOST = "$(BUILT_PRODUCTS_DIR)/CodeSample.app/$(BUNDLE_EXECUTABLE_FOLDER_PATH)/CodeSample";
			};
			name = Debug;
		};
		E79FA8C02C6F8EDA00596DB1 /* Release */ = {
			isa = XCBuildConfiguration;
			buildSettings = {
				BUNDLE_LOADER = "$(TEST_HOST)";
				CLANG_ENABLE_MODULES = YES;
				CODE_SIGN_STYLE = Automatic;
				CURRENT_PROJECT_VERSION = 1;
				DEVELOPMENT_TEAM = ZVP65B2B4J;
				GENERATE_INFOPLIST_FILE = YES;
				MARKETING_VERSION = 1.0;
				PRODUCT_BUNDLE_IDENTIFIER = kacperjagiello.CodeSampleTests;
				PRODUCT_NAME = "$(TARGET_NAME)";
				SWIFT_EMIT_LOC_STRINGS = NO;
				SWIFT_VERSION = 5.0;
				TARGETED_DEVICE_FAMILY = "1,2";
				TEST_HOST = "$(BUILT_PRODUCTS_DIR)/CodeSample.app/$(BUNDLE_EXECUTABLE_FOLDER_PATH)/CodeSample";
			};
			name = Release;
		};
/* End XCBuildConfiguration section */

/* Begin XCConfigurationList section */
		E77CCDA42C6CB35800CF764E /* Build configuration list for PBXProject "CodeSample" */ = {
			isa = XCConfigurationList;
			buildConfigurations = (
				E77CCDB52C6CB35900CF764E /* Debug */,
				E77CCDB62C6CB35900CF764E /* Release */,
			);
			defaultConfigurationIsVisible = 0;
			defaultConfigurationName = Release;
		};
		E77CCDB72C6CB35900CF764E /* Build configuration list for PBXNativeTarget "CodeSample" */ = {
			isa = XCConfigurationList;
			buildConfigurations = (
				E77CCDB82C6CB35900CF764E /* Debug */,
				E77CCDB92C6CB35900CF764E /* Release */,
			);
			defaultConfigurationIsVisible = 0;
			defaultConfigurationName = Release;
		};
		E79FA8BE2C6F8EDA00596DB1 /* Build configuration list for PBXNativeTarget "CodeSampleTests" */ = {
			isa = XCConfigurationList;
			buildConfigurations = (
				E79FA8BF2C6F8EDA00596DB1 /* Debug */,
				E79FA8C02C6F8EDA00596DB1 /* Release */,
			);
			defaultConfigurationIsVisible = 0;
			defaultConfigurationName = Release;
		};
/* End XCConfigurationList section */

/* Begin XCRemoteSwiftPackageReference section */
		E79FA8A42C6F8E2400596DB1 /* XCRemoteSwiftPackageReference "Valet" */ = {
			isa = XCRemoteSwiftPackageReference;
			repositoryURL = "https://github.com/square/Valet.git";
			requirement = {
				kind = exactVersion;
				version = 4.3.0;
			};
		};
		E79FA8C12C6F8F1400596DB1 /* XCRemoteSwiftPackageReference "Quick" */ = {
			isa = XCRemoteSwiftPackageReference;
			repositoryURL = "https://github.com/Quick/Quick";
			requirement = {
				kind = exactVersion;
				version = 7.6.2;
			};
		};
		E79FA8C82C6F8F2C00596DB1 /* XCRemoteSwiftPackageReference "Nimble" */ = {
			isa = XCRemoteSwiftPackageReference;
			repositoryURL = "https://github.com/Quick/Nimble";
			requirement = {
				kind = exactVersion;
				version = 13.4.0;
			};
		};
/* End XCRemoteSwiftPackageReference section */

/* Begin XCSwiftPackageProductDependency section */
		E79FA8A52C6F8E2400596DB1 /* Valet */ = {
			isa = XCSwiftPackageProductDependency;
			package = E79FA8A42C6F8E2400596DB1 /* XCRemoteSwiftPackageReference "Valet" */;
			productName = Valet;
		};
		E79FA8C22C6F8F1400596DB1 /* Quick */ = {
			isa = XCSwiftPackageProductDependency;
			package = E79FA8C12C6F8F1400596DB1 /* XCRemoteSwiftPackageReference "Quick" */;
			productName = Quick;
		};
		E79FA8C92C6F8F2C00596DB1 /* Nimble */ = {
			isa = XCSwiftPackageProductDependency;
			package = E79FA8C82C6F8F2C00596DB1 /* XCRemoteSwiftPackageReference "Nimble" */;
			productName = Nimble;
		};
/* End XCSwiftPackageProductDependency section */
	};
	rootObject = E77CCDA12C6CB35800CF764E /* Project object */;
}
